
Microsoft Visual Studio Solution File, Format Version 12.00
# Visual Studio 15
VisualStudioVersion = 15.0.26403.3
MinimumVisualStudioVersion = 10.0.40219.1
Project("{FAE04EC0-301F-11D3-BF4B-00C04F79EFBC}") = "Fw.MSBuild", "src\Fw.MSBuild\Fw.MSBuild.csproj", "{FAD66725-A1F9-4395-89DC-EC2B9CB2CADE}"
EndProject
Project("{FAE04EC0-301F-11D3-BF4B-00C04F79EFBC}") = "Fw.MSBuild.Test", "src\Fw.MSBuild.Test\Fw.MSBuild.Test.csproj", "{830780CB-F889-459C-A772-A887A06D36D4}"
EndProject
Project("{FAE04EC0-301F-11D3-BF4B-00C04F79EFBC}") = "Fw.Json", "src\Fw.Json\Fw.Json.csproj", "{3BE1823F-3F08-4CA5-94BC-9C7EFD2FC64F}"
EndProject
Project("{2150E333-8FDC-42A3-9474-1A3956D46DE8}") = "Solution Items", "Solution Items", "{E5AA4F7D-AB29-466B-AAE7-0CD796BBBCCE}"
	ProjectSection(SolutionItems) = preProject
		.gitattributes = .gitattributes
		.gitignore = .gitignore
	EndProjectSection
EndProject
Project("{FAE04EC0-301F-11D3-BF4B-00C04F79EFBC}") = "JSAppBuilder", "src\JSAppBuilder\JSAppBuilder.csproj", "{326C0C27-EDBE-434E-B7DD-03CC6EB20811}"
EndProject
Global
	GlobalSection(SolutionConfigurationPlatforms) = preSolution
		Debug|Any CPU = Debug|Any CPU
		Debug|Itanium = Debug|Itanium
		Debug|x64 = Debug|x64
		Debug|x86 = Debug|x86
		Release|Any CPU = Release|Any CPU
		Release|Itanium = Release|Itanium
		Release|x64 = Release|x64
		Release|x86 = Release|x86
	EndGlobalSection
	GlobalSection(ProjectConfigurationPlatforms) = postSolution
		{FAD66725-A1F9-4395-89DC-EC2B9CB2CADE}.Debug|Any CPU.ActiveCfg = Debug|Any CPU
		{FAD66725-A1F9-4395-89DC-EC2B9CB2CADE}.Debug|Any CPU.Build.0 = Debug|Any CPU
		{FAD66725-A1F9-4395-89DC-EC2B9CB2CADE}.Debug|Itanium.ActiveCfg = Debug|Itanium
		{FAD66725-A1F9-4395-89DC-EC2B9CB2CADE}.Debug|Itanium.Build.0 = Debug|Itanium
		{FAD66725-A1F9-4395-89DC-EC2B9CB2CADE}.Debug|x64.ActiveCfg = Debug|x64
		{FAD66725-A1F9-4395-89DC-EC2B9CB2CADE}.Debug|x64.Build.0 = Debug|x64
		{FAD66725-A1F9-4395-89DC-EC2B9CB2CADE}.Debug|x86.ActiveCfg = Debug|x86
		{FAD66725-A1F9-4395-89DC-EC2B9CB2CADE}.Debug|x86.Build.0 = Debug|x86
		{FAD66725-A1F9-4395-89DC-EC2B9CB2CADE}.Release|Any CPU.ActiveCfg = Release|Any CPU
		{FAD66725-A1F9-4395-89DC-EC2B9CB2CADE}.Release|Any CPU.Build.0 = Release|Any CPU
		{FAD66725-A1F9-4395-89DC-EC2B9CB2CADE}.Release|Itanium.ActiveCfg = Release|Itanium
		{FAD66725-A1F9-4395-89DC-EC2B9CB2CADE}.Release|Itanium.Build.0 = Release|Itanium
		{FAD66725-A1F9-4395-89DC-EC2B9CB2CADE}.Release|x64.ActiveCfg = Release|x64
		{FAD66725-A1F9-4395-89DC-EC2B9CB2CADE}.Release|x64.Build.0 = Release|x64
		{FAD66725-A1F9-4395-89DC-EC2B9CB2CADE}.Release|x86.ActiveCfg = Release|x86
		{FAD66725-A1F9-4395-89DC-EC2B9CB2CADE}.Release|x86.Build.0 = Release|x86
		{830780CB-F889-459C-A772-A887A06D36D4}.Debug|Any CPU.ActiveCfg = Debug|Any CPU
		{830780CB-F889-459C-A772-A887A06D36D4}.Debug|Any CPU.Build.0 = Debug|Any CPU
		{830780CB-F889-459C-A772-A887A06D36D4}.Debug|Itanium.ActiveCfg = Debug|Any CPU
		{830780CB-F889-459C-A772-A887A06D36D4}.Debug|x64.ActiveCfg = Debug|Any CPU
		{830780CB-F889-459C-A772-A887A06D36D4}.Debug|x86.ActiveCfg = Debug|Any CPU
		{830780CB-F889-459C-A772-A887A06D36D4}.Release|Any CPU.ActiveCfg = Release|Any CPU
		{830780CB-F889-459C-A772-A887A06D36D4}.Release|Any CPU.Build.0 = Release|Any CPU
		{830780CB-F889-459C-A772-A887A06D36D4}.Release|Itanium.ActiveCfg = Release|Any CPU
		{830780CB-F889-459C-A772-A887A06D36D4}.Release|Itanium.Build.0 = Release|Any CPU
		{830780CB-F889-459C-A772-A887A06D36D4}.Release|x64.ActiveCfg = Release|Any CPU
		{830780CB-F889-459C-A772-A887A06D36D4}.Release|x64.Build.0 = Release|Any CPU
		{830780CB-F889-459C-A772-A887A06D36D4}.Release|x86.ActiveCfg = Release|Any CPU
		{830780CB-F889-459C-A772-A887A06D36D4}.Release|x86.Build.0 = Release|Any CPU
		{3BE1823F-3F08-4CA5-94BC-9C7EFD2FC64F}.Debug|Any CPU.ActiveCfg = Debug|Any CPU
		{3BE1823F-3F08-4CA5-94BC-9C7EFD2FC64F}.Debug|Any CPU.Build.0 = Debug|Any CPU
		{3BE1823F-3F08-4CA5-94BC-9C7EFD2FC64F}.Debug|Itanium.ActiveCfg = Debug|Any CPU
		{3BE1823F-3F08-4CA5-94BC-9C7EFD2FC64F}.Debug|Itanium.Build.0 = Debug|Any CPU
		{3BE1823F-3F08-4CA5-94BC-9C7EFD2FC64F}.Debug|x64.ActiveCfg = Debug|Any CPU
		{3BE1823F-3F08-4CA5-94BC-9C7EFD2FC64F}.Debug|x64.Build.0 = Debug|Any CPU
		{3BE1823F-3F08-4CA5-94BC-9C7EFD2FC64F}.Debug|x86.ActiveCfg = Debug|Any CPU
		{3BE1823F-3F08-4CA5-94BC-9C7EFD2FC64F}.Debug|x86.Build.0 = Debug|Any CPU
		{3BE1823F-3F08-4CA5-94BC-9C7EFD2FC64F}.Release|Any CPU.ActiveCfg = Release|Any CPU
		{3BE1823F-3F08-4CA5-94BC-9C7EFD2FC64F}.Release|Any CPU.Build.0 = Release|Any CPU
		{3BE1823F-3F08-4CA5-94BC-9C7EFD2FC64F}.Release|Itanium.ActiveCfg = Release|Any CPU
		{3BE1823F-3F08-4CA5-94BC-9C7EFD2FC64F}.Release|Itanium.Build.0 = Release|Any CPU
		{3BE1823F-3F08-4CA5-94BC-9C7EFD2FC64F}.Release|x64.ActiveCfg = Release|Any CPU
		{3BE1823F-3F08-4CA5-94BC-9C7EFD2FC64F}.Release|x64.Build.0 = Release|Any CPU
		{3BE1823F-3F08-4CA5-94BC-9C7EFD2FC64F}.Release|x86.ActiveCfg = Release|Any CPU
		{3BE1823F-3F08-4CA5-94BC-9C7EFD2FC64F}.Release|x86.Build.0 = Release|Any CPU
		{326C0C27-EDBE-434E-B7DD-03CC6EB20811}.Debug|Any CPU.ActiveCfg = Debug|Any CPU
		{326C0C27-EDBE-434E-B7DD-03CC6EB20811}.Debug|Any CPU.Build.0 = Debug|Any CPU
		{326C0C27-EDBE-434E-B7DD-03CC6EB20811}.Debug|Itanium.ActiveCfg = Debug|Any CPU
		{326C0C27-EDBE-434E-B7DD-03CC6EB20811}.Debug|Itanium.Build.0 = Debug|Any CPU
		{326C0C27-EDBE-434E-B7DD-03CC6EB20811}.Debug|x64.ActiveCfg = Debug|Any CPU
		{326C0C27-EDBE-434E-B7DD-03CC6EB20811}.Debug|x64.Build.0 = Debug|Any CPU
		{326C0C27-EDBE-434E-B7DD-03CC6EB20811}.Debug|x86.ActiveCfg = Debug|Any CPU
		{326C0C27-EDBE-434E-B7DD-03CC6EB20811}.Debug|x86.Build.0 = Debug|Any CPU
		{326C0C27-EDBE-434E-B7DD-03CC6EB20811}.Release|Any CPU.ActiveCfg = Release|Any CPU
		{326C0C27-EDBE-434E-B7DD-03CC6EB20811}.Release|Any CPU.Build.0 = Release|Any CPU
		{326C0C27-EDBE-434E-B7DD-03CC6EB20811}.Release|Itanium.ActiveCfg = Release|Any CPU
		{326C0C27-EDBE-434E-B7DD-03CC6EB20811}.Release|Itanium.Build.0 = Release|Any CPU
		{326C0C27-EDBE-434E-B7DD-03CC6EB20811}.Release|x64.ActiveCfg = Release|Any CPU
		{326C0C27-EDBE-434E-B7DD-03CC6EB20811}.Release|x64.Build.0 = Release|Any CPU
		{326C0C27-EDBE-434E-B7DD-03CC6EB20811}.Release|x86.ActiveCfg = Release|Any CPU
		{326C0C27-EDBE-434E-B7DD-03CC6EB20811}.Release|x86.Build.0 = Release|Any CPU
	EndGlobalSection
	GlobalSection(SolutionProperties) = preSolution
		HideSolutionNode = FALSE
	EndGlobalSection
EndGlobal
