
Microsoft Visual Studio Solution File, Format Version 12.00
# Visual Studio Version 16
VisualStudioVersion = 16.0.30406.217
MinimumVisualStudioVersion = 10.0.40219.1
Project("{FAE04EC0-301F-11D3-BF4B-00C04F79EFBC}") = "Fw.MSBuild", "src\Fw.MSBuild\Fw.MSBuild.csproj", "{FAD66725-A1F9-4395-89DC-EC2B9CB2CADE}"
EndProject
Project("{FAE04EC0-301F-11D3-BF4B-00C04F79EFBC}") = "Fw.Json", "src\Fw.Json\Fw.Json.csproj", "{3BE1823F-3F08-4CA5-94BC-9C7EFD2FC64F}"
EndProject
Project("{2150E333-8FDC-42A3-9474-1A3956D46DE8}") = "Solution Items", "Solution Items", "{E5AA4F7D-AB29-466B-AAE7-0CD796BBBCCE}"
	ProjectSection(SolutionItems) = preProject
		.gitattributes = .gitattributes
		.gitignore = .gitignore
		update_all.ps1 = update_all.ps1
		update_Fw_AutoUpdateRentalWorksWeb.ps1 = update_Fw_AutoUpdateRentalWorksWeb.ps1
		update_Fw_GateWorksWeb.ps1 = update_Fw_GateWorksWeb.ps1
		update_Fw_MediaWorksWeb.ps1 = update_Fw_MediaWorksWeb.ps1
		update_Fw_RentalWorksWeb.ps1 = update_Fw_RentalWorksWeb.ps1
		update_Fw_RentalWorksWeb_2015_001.ps1 = update_Fw_RentalWorksWeb_2015_001.ps1
		update_Fw_RentalWorksWeb_2017_001.ps1 = update_Fw_RentalWorksWeb_2017_001.ps1
		update_Fw_TransWorksWeb.ps1 = update_Fw_TransWorksWeb.ps1
	EndProjectSection
EndProject
Project("{FAE04EC0-301F-11D3-BF4B-00C04F79EFBC}") = "ReplaceInFile", "src\ReplaceInFile\ReplaceInFile.csproj", "{2CE3AADF-E6C3-4992-9703-927EDFD1EA0B}"
EndProject
Project("{9A19103F-16F7-4668-BE54-9A1E7A4F7556}") = "FwStandard", "src\FwStandard\FwStandard.csproj", "{A3DAEFFC-E153-4C5D-893B-5622D0F8AF26}"
EndProject
Project("{9A19103F-16F7-4668-BE54-9A1E7A4F7556}") = "FwFrontEndLibrary", "src\FwFrontEndLibrary\FwFrontEndLibrary.csproj", "{6967C0D5-E981-4448-A4A5-D9B02397153A}"
EndProject
Project("{9A19103F-16F7-4668-BE54-9A1E7A4F7556}") = "FwCore", "src\FwCore\FwCore.csproj", "{23C192C1-F2A4-402B-BD77-FF74179151EF}"
EndProject
Project("{9A19103F-16F7-4668-BE54-9A1E7A4F7556}") = "JSAppBuilderCore", "src\JSAppBuilderCore\JSAppBuilderCore.csproj", "{FF966C1F-D759-4126-B40F-041378ECDD5A}"
EndProject
Project("{9A19103F-16F7-4668-BE54-9A1E7A4F7556}") = "JSAppBuilderCoreGui", "src\JSAppBuilderCoreGui\JSAppBuilderCoreGui.csproj", "{35007E9E-7DA1-4481-AB46-08ABF9F2D231}"
EndProject
Global
	GlobalSection(SolutionConfigurationPlatforms) = preSolution
		Debug|Any CPU = Debug|Any CPU
		Debug|Itanium = Debug|Itanium
		Debug|x64 = Debug|x64
		Debug|x86 = Debug|x86
		Publish JSAppBuilder|Any CPU = Publish JSAppBuilder|Any CPU
		Publish JSAppBuilder|Itanium = Publish JSAppBuilder|Itanium
		Publish JSAppBuilder|x64 = Publish JSAppBuilder|x64
		Publish JSAppBuilder|x86 = Publish JSAppBuilder|x86
		Publish ReplaceInFile|Any CPU = Publish ReplaceInFile|Any CPU
		Publish ReplaceInFile|Itanium = Publish ReplaceInFile|Itanium
		Publish ReplaceInFile|x64 = Publish ReplaceInFile|x64
		Publish ReplaceInFile|x86 = Publish ReplaceInFile|x86
		Release|Any CPU = Release|Any CPU
		Release|Itanium = Release|Itanium
		Release|x64 = Release|x64
		Release|x86 = Release|x86
	EndGlobalSection
	GlobalSection(ProjectConfigurationPlatforms) = postSolution
		{FAD66725-A1F9-4395-89DC-EC2B9CB2CADE}.Debug|Any CPU.ActiveCfg = Debug|Any CPU
		{FAD66725-A1F9-4395-89DC-EC2B9CB2CADE}.Debug|Any CPU.Build.0 = Debug|Any CPU
		{FAD66725-A1F9-4395-89DC-EC2B9CB2CADE}.Debug|Itanium.ActiveCfg = Debug|Itanium
		{FAD66725-A1F9-4395-89DC-EC2B9CB2CADE}.Debug|Itanium.Build.0 = Debug|Itanium
		{FAD66725-A1F9-4395-89DC-EC2B9CB2CADE}.Debug|x64.ActiveCfg = Debug|x64
		{FAD66725-A1F9-4395-89DC-EC2B9CB2CADE}.Debug|x64.Build.0 = Debug|x64
		{FAD66725-A1F9-4395-89DC-EC2B9CB2CADE}.Debug|x86.ActiveCfg = Debug|x86
		{FAD66725-A1F9-4395-89DC-EC2B9CB2CADE}.Debug|x86.Build.0 = Debug|x86
		{FAD66725-A1F9-4395-89DC-EC2B9CB2CADE}.Publish JSAppBuilder|Any CPU.ActiveCfg = Release|Any CPU
		{FAD66725-A1F9-4395-89DC-EC2B9CB2CADE}.Publish JSAppBuilder|Any CPU.Build.0 = Release|Any CPU
		{FAD66725-A1F9-4395-89DC-EC2B9CB2CADE}.Publish JSAppBuilder|Itanium.ActiveCfg = Release|Itanium
		{FAD66725-A1F9-4395-89DC-EC2B9CB2CADE}.Publish JSAppBuilder|Itanium.Build.0 = Release|Itanium
		{FAD66725-A1F9-4395-89DC-EC2B9CB2CADE}.Publish JSAppBuilder|x64.ActiveCfg = Release|x64
		{FAD66725-A1F9-4395-89DC-EC2B9CB2CADE}.Publish JSAppBuilder|x64.Build.0 = Release|x64
		{FAD66725-A1F9-4395-89DC-EC2B9CB2CADE}.Publish JSAppBuilder|x86.ActiveCfg = Release|x86
		{FAD66725-A1F9-4395-89DC-EC2B9CB2CADE}.Publish JSAppBuilder|x86.Build.0 = Release|x86
		{FAD66725-A1F9-4395-89DC-EC2B9CB2CADE}.Publish ReplaceInFile|Any CPU.ActiveCfg = Release|Any CPU
		{FAD66725-A1F9-4395-89DC-EC2B9CB2CADE}.Publish ReplaceInFile|Itanium.ActiveCfg = Release|Itanium
		{FAD66725-A1F9-4395-89DC-EC2B9CB2CADE}.Publish ReplaceInFile|Itanium.Build.0 = Release|Itanium
		{FAD66725-A1F9-4395-89DC-EC2B9CB2CADE}.Publish ReplaceInFile|x64.ActiveCfg = Release|x64
		{FAD66725-A1F9-4395-89DC-EC2B9CB2CADE}.Publish ReplaceInFile|x64.Build.0 = Release|x64
		{FAD66725-A1F9-4395-89DC-EC2B9CB2CADE}.Publish ReplaceInFile|x86.ActiveCfg = Release|x86
		{FAD66725-A1F9-4395-89DC-EC2B9CB2CADE}.Publish ReplaceInFile|x86.Build.0 = Release|x86
		{FAD66725-A1F9-4395-89DC-EC2B9CB2CADE}.Release|Any CPU.ActiveCfg = Release|Any CPU
		{FAD66725-A1F9-4395-89DC-EC2B9CB2CADE}.Release|Any CPU.Build.0 = Release|Any CPU
		{FAD66725-A1F9-4395-89DC-EC2B9CB2CADE}.Release|Itanium.ActiveCfg = Release|Itanium
		{FAD66725-A1F9-4395-89DC-EC2B9CB2CADE}.Release|Itanium.Build.0 = Release|Itanium
		{FAD66725-A1F9-4395-89DC-EC2B9CB2CADE}.Release|x64.ActiveCfg = Release|x64
		{FAD66725-A1F9-4395-89DC-EC2B9CB2CADE}.Release|x64.Build.0 = Release|x64
		{FAD66725-A1F9-4395-89DC-EC2B9CB2CADE}.Release|x86.ActiveCfg = Release|x86
		{FAD66725-A1F9-4395-89DC-EC2B9CB2CADE}.Release|x86.Build.0 = Release|x86
		{3BE1823F-3F08-4CA5-94BC-9C7EFD2FC64F}.Debug|Any CPU.ActiveCfg = Debug|Any CPU
		{3BE1823F-3F08-4CA5-94BC-9C7EFD2FC64F}.Debug|Any CPU.Build.0 = Debug|Any CPU
		{3BE1823F-3F08-4CA5-94BC-9C7EFD2FC64F}.Debug|Itanium.ActiveCfg = Debug|Any CPU
		{3BE1823F-3F08-4CA5-94BC-9C7EFD2FC64F}.Debug|Itanium.Build.0 = Debug|Any CPU
		{3BE1823F-3F08-4CA5-94BC-9C7EFD2FC64F}.Debug|x64.ActiveCfg = Debug|Any CPU
		{3BE1823F-3F08-4CA5-94BC-9C7EFD2FC64F}.Debug|x64.Build.0 = Debug|Any CPU
		{3BE1823F-3F08-4CA5-94BC-9C7EFD2FC64F}.Debug|x86.ActiveCfg = Debug|Any CPU
		{3BE1823F-3F08-4CA5-94BC-9C7EFD2FC64F}.Debug|x86.Build.0 = Debug|Any CPU
		{3BE1823F-3F08-4CA5-94BC-9C7EFD2FC64F}.Publish JSAppBuilder|Any CPU.ActiveCfg = Release|Any CPU
		{3BE1823F-3F08-4CA5-94BC-9C7EFD2FC64F}.Publish JSAppBuilder|Itanium.ActiveCfg = Release|Any CPU
		{3BE1823F-3F08-4CA5-94BC-9C7EFD2FC64F}.Publish JSAppBuilder|Itanium.Build.0 = Release|Any CPU
		{3BE1823F-3F08-4CA5-94BC-9C7EFD2FC64F}.Publish JSAppBuilder|x64.ActiveCfg = Release|Any CPU
		{3BE1823F-3F08-4CA5-94BC-9C7EFD2FC64F}.Publish JSAppBuilder|x64.Build.0 = Release|Any CPU
		{3BE1823F-3F08-4CA5-94BC-9C7EFD2FC64F}.Publish JSAppBuilder|x86.ActiveCfg = Release|Any CPU
		{3BE1823F-3F08-4CA5-94BC-9C7EFD2FC64F}.Publish JSAppBuilder|x86.Build.0 = Release|Any CPU
		{3BE1823F-3F08-4CA5-94BC-9C7EFD2FC64F}.Publish ReplaceInFile|Any CPU.ActiveCfg = Release|Any CPU
		{3BE1823F-3F08-4CA5-94BC-9C7EFD2FC64F}.Publish ReplaceInFile|Itanium.ActiveCfg = Release|Any CPU
		{3BE1823F-3F08-4CA5-94BC-9C7EFD2FC64F}.Publish ReplaceInFile|Itanium.Build.0 = Release|Any CPU
		{3BE1823F-3F08-4CA5-94BC-9C7EFD2FC64F}.Publish ReplaceInFile|x64.ActiveCfg = Release|Any CPU
		{3BE1823F-3F08-4CA5-94BC-9C7EFD2FC64F}.Publish ReplaceInFile|x64.Build.0 = Release|Any CPU
		{3BE1823F-3F08-4CA5-94BC-9C7EFD2FC64F}.Publish ReplaceInFile|x86.ActiveCfg = Release|Any CPU
		{3BE1823F-3F08-4CA5-94BC-9C7EFD2FC64F}.Publish ReplaceInFile|x86.Build.0 = Release|Any CPU
		{3BE1823F-3F08-4CA5-94BC-9C7EFD2FC64F}.Release|Any CPU.ActiveCfg = Release|Any CPU
		{3BE1823F-3F08-4CA5-94BC-9C7EFD2FC64F}.Release|Any CPU.Build.0 = Release|Any CPU
		{3BE1823F-3F08-4CA5-94BC-9C7EFD2FC64F}.Release|Itanium.ActiveCfg = Release|Any CPU
		{3BE1823F-3F08-4CA5-94BC-9C7EFD2FC64F}.Release|Itanium.Build.0 = Release|Any CPU
		{3BE1823F-3F08-4CA5-94BC-9C7EFD2FC64F}.Release|x64.ActiveCfg = Release|Any CPU
		{3BE1823F-3F08-4CA5-94BC-9C7EFD2FC64F}.Release|x64.Build.0 = Release|Any CPU
		{3BE1823F-3F08-4CA5-94BC-9C7EFD2FC64F}.Release|x86.ActiveCfg = Release|Any CPU
		{3BE1823F-3F08-4CA5-94BC-9C7EFD2FC64F}.Release|x86.Build.0 = Release|Any CPU
		{2CE3AADF-E6C3-4992-9703-927EDFD1EA0B}.Debug|Any CPU.ActiveCfg = Debug|Any CPU
		{2CE3AADF-E6C3-4992-9703-927EDFD1EA0B}.Debug|Any CPU.Build.0 = Debug|Any CPU
		{2CE3AADF-E6C3-4992-9703-927EDFD1EA0B}.Debug|Itanium.ActiveCfg = Debug|Any CPU
		{2CE3AADF-E6C3-4992-9703-927EDFD1EA0B}.Debug|Itanium.Build.0 = Debug|Any CPU
		{2CE3AADF-E6C3-4992-9703-927EDFD1EA0B}.Debug|x64.ActiveCfg = Debug|Any CPU
		{2CE3AADF-E6C3-4992-9703-927EDFD1EA0B}.Debug|x64.Build.0 = Debug|Any CPU
		{2CE3AADF-E6C3-4992-9703-927EDFD1EA0B}.Debug|x86.ActiveCfg = Debug|Any CPU
		{2CE3AADF-E6C3-4992-9703-927EDFD1EA0B}.Debug|x86.Build.0 = Debug|Any CPU
		{2CE3AADF-E6C3-4992-9703-927EDFD1EA0B}.Publish JSAppBuilder|Any CPU.ActiveCfg = Release|Any CPU
		{2CE3AADF-E6C3-4992-9703-927EDFD1EA0B}.Publish JSAppBuilder|Itanium.ActiveCfg = Release|Any CPU
		{2CE3AADF-E6C3-4992-9703-927EDFD1EA0B}.Publish JSAppBuilder|Itanium.Build.0 = Release|Any CPU
		{2CE3AADF-E6C3-4992-9703-927EDFD1EA0B}.Publish JSAppBuilder|x64.ActiveCfg = Release|Any CPU
		{2CE3AADF-E6C3-4992-9703-927EDFD1EA0B}.Publish JSAppBuilder|x64.Build.0 = Release|Any CPU
		{2CE3AADF-E6C3-4992-9703-927EDFD1EA0B}.Publish JSAppBuilder|x86.ActiveCfg = Release|Any CPU
		{2CE3AADF-E6C3-4992-9703-927EDFD1EA0B}.Publish JSAppBuilder|x86.Build.0 = Release|Any CPU
		{2CE3AADF-E6C3-4992-9703-927EDFD1EA0B}.Publish ReplaceInFile|Any CPU.ActiveCfg = Release|Any CPU
		{2CE3AADF-E6C3-4992-9703-927EDFD1EA0B}.Publish ReplaceInFile|Any CPU.Build.0 = Release|Any CPU
		{2CE3AADF-E6C3-4992-9703-927EDFD1EA0B}.Publish ReplaceInFile|Itanium.ActiveCfg = Release|Any CPU
		{2CE3AADF-E6C3-4992-9703-927EDFD1EA0B}.Publish ReplaceInFile|Itanium.Build.0 = Release|Any CPU
		{2CE3AADF-E6C3-4992-9703-927EDFD1EA0B}.Publish ReplaceInFile|x64.ActiveCfg = Release|Any CPU
		{2CE3AADF-E6C3-4992-9703-927EDFD1EA0B}.Publish ReplaceInFile|x64.Build.0 = Release|Any CPU
		{2CE3AADF-E6C3-4992-9703-927EDFD1EA0B}.Publish ReplaceInFile|x86.ActiveCfg = Release|Any CPU
		{2CE3AADF-E6C3-4992-9703-927EDFD1EA0B}.Publish ReplaceInFile|x86.Build.0 = Release|Any CPU
		{2CE3AADF-E6C3-4992-9703-927EDFD1EA0B}.Release|Any CPU.ActiveCfg = Release|Any CPU
		{2CE3AADF-E6C3-4992-9703-927EDFD1EA0B}.Release|Any CPU.Build.0 = Release|Any CPU
		{2CE3AADF-E6C3-4992-9703-927EDFD1EA0B}.Release|Itanium.ActiveCfg = Release|Any CPU
		{2CE3AADF-E6C3-4992-9703-927EDFD1EA0B}.Release|Itanium.Build.0 = Release|Any CPU
		{2CE3AADF-E6C3-4992-9703-927EDFD1EA0B}.Release|x64.ActiveCfg = Release|Any CPU
		{2CE3AADF-E6C3-4992-9703-927EDFD1EA0B}.Release|x64.Build.0 = Release|Any CPU
		{2CE3AADF-E6C3-4992-9703-927EDFD1EA0B}.Release|x86.ActiveCfg = Release|Any CPU
		{2CE3AADF-E6C3-4992-9703-927EDFD1EA0B}.Release|x86.Build.0 = Release|Any CPU
		{A3DAEFFC-E153-4C5D-893B-5622D0F8AF26}.Debug|Any CPU.ActiveCfg = Debug|Any CPU
		{A3DAEFFC-E153-4C5D-893B-5622D0F8AF26}.Debug|Any CPU.Build.0 = Debug|Any CPU
		{A3DAEFFC-E153-4C5D-893B-5622D0F8AF26}.Debug|Itanium.ActiveCfg = Debug|Any CPU
		{A3DAEFFC-E153-4C5D-893B-5622D0F8AF26}.Debug|Itanium.Build.0 = Debug|Any CPU
		{A3DAEFFC-E153-4C5D-893B-5622D0F8AF26}.Debug|x64.ActiveCfg = Debug|Any CPU
		{A3DAEFFC-E153-4C5D-893B-5622D0F8AF26}.Debug|x64.Build.0 = Debug|Any CPU
		{A3DAEFFC-E153-4C5D-893B-5622D0F8AF26}.Debug|x86.ActiveCfg = Debug|Any CPU
		{A3DAEFFC-E153-4C5D-893B-5622D0F8AF26}.Debug|x86.Build.0 = Debug|Any CPU
		{A3DAEFFC-E153-4C5D-893B-5622D0F8AF26}.Publish JSAppBuilder|Any CPU.ActiveCfg = Release|Any CPU
		{A3DAEFFC-E153-4C5D-893B-5622D0F8AF26}.Publish JSAppBuilder|Any CPU.Build.0 = Release|Any CPU
		{A3DAEFFC-E153-4C5D-893B-5622D0F8AF26}.Publish JSAppBuilder|Itanium.ActiveCfg = Debug|Any CPU
		{A3DAEFFC-E153-4C5D-893B-5622D0F8AF26}.Publish JSAppBuilder|Itanium.Build.0 = Debug|Any CPU
		{A3DAEFFC-E153-4C5D-893B-5622D0F8AF26}.Publish JSAppBuilder|x64.ActiveCfg = Debug|Any CPU
		{A3DAEFFC-E153-4C5D-893B-5622D0F8AF26}.Publish JSAppBuilder|x64.Build.0 = Debug|Any CPU
		{A3DAEFFC-E153-4C5D-893B-5622D0F8AF26}.Publish JSAppBuilder|x86.ActiveCfg = Debug|Any CPU
		{A3DAEFFC-E153-4C5D-893B-5622D0F8AF26}.Publish JSAppBuilder|x86.Build.0 = Debug|Any CPU
		{A3DAEFFC-E153-4C5D-893B-5622D0F8AF26}.Publish ReplaceInFile|Any CPU.ActiveCfg = Release|Any CPU
		{A3DAEFFC-E153-4C5D-893B-5622D0F8AF26}.Publish ReplaceInFile|Any CPU.Build.0 = Release|Any CPU
		{A3DAEFFC-E153-4C5D-893B-5622D0F8AF26}.Publish ReplaceInFile|Itanium.ActiveCfg = Debug|Any CPU
		{A3DAEFFC-E153-4C5D-893B-5622D0F8AF26}.Publish ReplaceInFile|Itanium.Build.0 = Debug|Any CPU
		{A3DAEFFC-E153-4C5D-893B-5622D0F8AF26}.Publish ReplaceInFile|x64.ActiveCfg = Debug|Any CPU
		{A3DAEFFC-E153-4C5D-893B-5622D0F8AF26}.Publish ReplaceInFile|x64.Build.0 = Debug|Any CPU
		{A3DAEFFC-E153-4C5D-893B-5622D0F8AF26}.Publish ReplaceInFile|x86.ActiveCfg = Debug|Any CPU
		{A3DAEFFC-E153-4C5D-893B-5622D0F8AF26}.Publish ReplaceInFile|x86.Build.0 = Debug|Any CPU
		{A3DAEFFC-E153-4C5D-893B-5622D0F8AF26}.Release|Any CPU.ActiveCfg = Release|Any CPU
		{A3DAEFFC-E153-4C5D-893B-5622D0F8AF26}.Release|Any CPU.Build.0 = Release|Any CPU
		{A3DAEFFC-E153-4C5D-893B-5622D0F8AF26}.Release|Itanium.ActiveCfg = Release|Any CPU
		{A3DAEFFC-E153-4C5D-893B-5622D0F8AF26}.Release|Itanium.Build.0 = Release|Any CPU
		{A3DAEFFC-E153-4C5D-893B-5622D0F8AF26}.Release|x64.ActiveCfg = Release|Any CPU
		{A3DAEFFC-E153-4C5D-893B-5622D0F8AF26}.Release|x64.Build.0 = Release|Any CPU
		{A3DAEFFC-E153-4C5D-893B-5622D0F8AF26}.Release|x86.ActiveCfg = Release|Any CPU
		{A3DAEFFC-E153-4C5D-893B-5622D0F8AF26}.Release|x86.Build.0 = Release|Any CPU
		{6967C0D5-E981-4448-A4A5-D9B02397153A}.Debug|Any CPU.ActiveCfg = Debug|Any CPU
		{6967C0D5-E981-4448-A4A5-D9B02397153A}.Debug|Any CPU.Build.0 = Debug|Any CPU
		{6967C0D5-E981-4448-A4A5-D9B02397153A}.Debug|Itanium.ActiveCfg = Debug|Any CPU
		{6967C0D5-E981-4448-A4A5-D9B02397153A}.Debug|Itanium.Build.0 = Debug|Any CPU
		{6967C0D5-E981-4448-A4A5-D9B02397153A}.Debug|x64.ActiveCfg = Debug|Any CPU
		{6967C0D5-E981-4448-A4A5-D9B02397153A}.Debug|x64.Build.0 = Debug|Any CPU
		{6967C0D5-E981-4448-A4A5-D9B02397153A}.Debug|x86.ActiveCfg = Debug|Any CPU
		{6967C0D5-E981-4448-A4A5-D9B02397153A}.Debug|x86.Build.0 = Debug|Any CPU
		{6967C0D5-E981-4448-A4A5-D9B02397153A}.Publish JSAppBuilder|Any CPU.ActiveCfg = Release|Any CPU
		{6967C0D5-E981-4448-A4A5-D9B02397153A}.Publish JSAppBuilder|Any CPU.Build.0 = Release|Any CPU
		{6967C0D5-E981-4448-A4A5-D9B02397153A}.Publish JSAppBuilder|Itanium.ActiveCfg = Debug|Any CPU
		{6967C0D5-E981-4448-A4A5-D9B02397153A}.Publish JSAppBuilder|Itanium.Build.0 = Debug|Any CPU
		{6967C0D5-E981-4448-A4A5-D9B02397153A}.Publish JSAppBuilder|x64.ActiveCfg = Debug|Any CPU
		{6967C0D5-E981-4448-A4A5-D9B02397153A}.Publish JSAppBuilder|x64.Build.0 = Debug|Any CPU
		{6967C0D5-E981-4448-A4A5-D9B02397153A}.Publish JSAppBuilder|x86.ActiveCfg = Debug|Any CPU
		{6967C0D5-E981-4448-A4A5-D9B02397153A}.Publish JSAppBuilder|x86.Build.0 = Debug|Any CPU
		{6967C0D5-E981-4448-A4A5-D9B02397153A}.Publish ReplaceInFile|Any CPU.ActiveCfg = Release|Any CPU
		{6967C0D5-E981-4448-A4A5-D9B02397153A}.Publish ReplaceInFile|Any CPU.Build.0 = Release|Any CPU
		{6967C0D5-E981-4448-A4A5-D9B02397153A}.Publish ReplaceInFile|Itanium.ActiveCfg = Debug|Any CPU
		{6967C0D5-E981-4448-A4A5-D9B02397153A}.Publish ReplaceInFile|Itanium.Build.0 = Debug|Any CPU
		{6967C0D5-E981-4448-A4A5-D9B02397153A}.Publish ReplaceInFile|x64.ActiveCfg = Debug|Any CPU
		{6967C0D5-E981-4448-A4A5-D9B02397153A}.Publish ReplaceInFile|x64.Build.0 = Debug|Any CPU
		{6967C0D5-E981-4448-A4A5-D9B02397153A}.Publish ReplaceInFile|x86.ActiveCfg = Debug|Any CPU
		{6967C0D5-E981-4448-A4A5-D9B02397153A}.Publish ReplaceInFile|x86.Build.0 = Debug|Any CPU
		{6967C0D5-E981-4448-A4A5-D9B02397153A}.Release|Any CPU.ActiveCfg = Release|Any CPU
		{6967C0D5-E981-4448-A4A5-D9B02397153A}.Release|Any CPU.Build.0 = Release|Any CPU
		{6967C0D5-E981-4448-A4A5-D9B02397153A}.Release|Itanium.ActiveCfg = Release|Any CPU
		{6967C0D5-E981-4448-A4A5-D9B02397153A}.Release|Itanium.Build.0 = Release|Any CPU
		{6967C0D5-E981-4448-A4A5-D9B02397153A}.Release|x64.ActiveCfg = Release|Any CPU
		{6967C0D5-E981-4448-A4A5-D9B02397153A}.Release|x64.Build.0 = Release|Any CPU
		{6967C0D5-E981-4448-A4A5-D9B02397153A}.Release|x86.ActiveCfg = Release|Any CPU
		{6967C0D5-E981-4448-A4A5-D9B02397153A}.Release|x86.Build.0 = Release|Any CPU
		{23C192C1-F2A4-402B-BD77-FF74179151EF}.Debug|Any CPU.ActiveCfg = Debug|Any CPU
		{23C192C1-F2A4-402B-BD77-FF74179151EF}.Debug|Any CPU.Build.0 = Debug|Any CPU
		{23C192C1-F2A4-402B-BD77-FF74179151EF}.Debug|Itanium.ActiveCfg = Debug|Any CPU
		{23C192C1-F2A4-402B-BD77-FF74179151EF}.Debug|Itanium.Build.0 = Debug|Any CPU
		{23C192C1-F2A4-402B-BD77-FF74179151EF}.Debug|x64.ActiveCfg = Debug|Any CPU
		{23C192C1-F2A4-402B-BD77-FF74179151EF}.Debug|x64.Build.0 = Debug|Any CPU
		{23C192C1-F2A4-402B-BD77-FF74179151EF}.Debug|x86.ActiveCfg = Debug|Any CPU
		{23C192C1-F2A4-402B-BD77-FF74179151EF}.Debug|x86.Build.0 = Debug|Any CPU
		{23C192C1-F2A4-402B-BD77-FF74179151EF}.Publish JSAppBuilder|Any CPU.ActiveCfg = Debug|Any CPU
		{23C192C1-F2A4-402B-BD77-FF74179151EF}.Publish JSAppBuilder|Any CPU.Build.0 = Debug|Any CPU
		{23C192C1-F2A4-402B-BD77-FF74179151EF}.Publish JSAppBuilder|Itanium.ActiveCfg = Debug|Any CPU
		{23C192C1-F2A4-402B-BD77-FF74179151EF}.Publish JSAppBuilder|Itanium.Build.0 = Debug|Any CPU
		{23C192C1-F2A4-402B-BD77-FF74179151EF}.Publish JSAppBuilder|x64.ActiveCfg = Debug|Any CPU
		{23C192C1-F2A4-402B-BD77-FF74179151EF}.Publish JSAppBuilder|x64.Build.0 = Debug|Any CPU
		{23C192C1-F2A4-402B-BD77-FF74179151EF}.Publish JSAppBuilder|x86.ActiveCfg = Debug|Any CPU
		{23C192C1-F2A4-402B-BD77-FF74179151EF}.Publish JSAppBuilder|x86.Build.0 = Debug|Any CPU
		{23C192C1-F2A4-402B-BD77-FF74179151EF}.Publish ReplaceInFile|Any CPU.ActiveCfg = Debug|Any CPU
		{23C192C1-F2A4-402B-BD77-FF74179151EF}.Publish ReplaceInFile|Any CPU.Build.0 = Debug|Any CPU
		{23C192C1-F2A4-402B-BD77-FF74179151EF}.Publish ReplaceInFile|Itanium.ActiveCfg = Debug|Any CPU
		{23C192C1-F2A4-402B-BD77-FF74179151EF}.Publish ReplaceInFile|Itanium.Build.0 = Debug|Any CPU
		{23C192C1-F2A4-402B-BD77-FF74179151EF}.Publish ReplaceInFile|x64.ActiveCfg = Debug|Any CPU
		{23C192C1-F2A4-402B-BD77-FF74179151EF}.Publish ReplaceInFile|x64.Build.0 = Debug|Any CPU
		{23C192C1-F2A4-402B-BD77-FF74179151EF}.Publish ReplaceInFile|x86.ActiveCfg = Debug|Any CPU
		{23C192C1-F2A4-402B-BD77-FF74179151EF}.Publish ReplaceInFile|x86.Build.0 = Debug|Any CPU
		{23C192C1-F2A4-402B-BD77-FF74179151EF}.Release|Any CPU.ActiveCfg = Release|Any CPU
		{23C192C1-F2A4-402B-BD77-FF74179151EF}.Release|Any CPU.Build.0 = Release|Any CPU
		{23C192C1-F2A4-402B-BD77-FF74179151EF}.Release|Itanium.ActiveCfg = Release|Any CPU
		{23C192C1-F2A4-402B-BD77-FF74179151EF}.Release|Itanium.Build.0 = Release|Any CPU
		{23C192C1-F2A4-402B-BD77-FF74179151EF}.Release|x64.ActiveCfg = Release|Any CPU
		{23C192C1-F2A4-402B-BD77-FF74179151EF}.Release|x64.Build.0 = Release|Any CPU
		{23C192C1-F2A4-402B-BD77-FF74179151EF}.Release|x86.ActiveCfg = Release|Any CPU
		{23C192C1-F2A4-402B-BD77-FF74179151EF}.Release|x86.Build.0 = Release|Any CPU
		{FF966C1F-D759-4126-B40F-041378ECDD5A}.Debug|Any CPU.ActiveCfg = Debug|Any CPU
		{FF966C1F-D759-4126-B40F-041378ECDD5A}.Debug|Any CPU.Build.0 = Debug|Any CPU
		{FF966C1F-D759-4126-B40F-041378ECDD5A}.Debug|Itanium.ActiveCfg = Debug|Any CPU
		{FF966C1F-D759-4126-B40F-041378ECDD5A}.Debug|Itanium.Build.0 = Debug|Any CPU
		{FF966C1F-D759-4126-B40F-041378ECDD5A}.Debug|x64.ActiveCfg = Debug|Any CPU
		{FF966C1F-D759-4126-B40F-041378ECDD5A}.Debug|x64.Build.0 = Debug|Any CPU
		{FF966C1F-D759-4126-B40F-041378ECDD5A}.Debug|x86.ActiveCfg = Debug|Any CPU
		{FF966C1F-D759-4126-B40F-041378ECDD5A}.Debug|x86.Build.0 = Debug|Any CPU
		{FF966C1F-D759-4126-B40F-041378ECDD5A}.Publish JSAppBuilder|Any CPU.ActiveCfg = Debug|Any CPU
		{FF966C1F-D759-4126-B40F-041378ECDD5A}.Publish JSAppBuilder|Any CPU.Build.0 = Debug|Any CPU
		{FF966C1F-D759-4126-B40F-041378ECDD5A}.Publish JSAppBuilder|Itanium.ActiveCfg = Debug|Any CPU
		{FF966C1F-D759-4126-B40F-041378ECDD5A}.Publish JSAppBuilder|Itanium.Build.0 = Debug|Any CPU
		{FF966C1F-D759-4126-B40F-041378ECDD5A}.Publish JSAppBuilder|x64.ActiveCfg = Debug|Any CPU
		{FF966C1F-D759-4126-B40F-041378ECDD5A}.Publish JSAppBuilder|x64.Build.0 = Debug|Any CPU
		{FF966C1F-D759-4126-B40F-041378ECDD5A}.Publish JSAppBuilder|x86.ActiveCfg = Debug|Any CPU
		{FF966C1F-D759-4126-B40F-041378ECDD5A}.Publish JSAppBuilder|x86.Build.0 = Debug|Any CPU
		{FF966C1F-D759-4126-B40F-041378ECDD5A}.Publish ReplaceInFile|Any CPU.ActiveCfg = Debug|Any CPU
		{FF966C1F-D759-4126-B40F-041378ECDD5A}.Publish ReplaceInFile|Any CPU.Build.0 = Debug|Any CPU
		{FF966C1F-D759-4126-B40F-041378ECDD5A}.Publish ReplaceInFile|Itanium.ActiveCfg = Debug|Any CPU
		{FF966C1F-D759-4126-B40F-041378ECDD5A}.Publish ReplaceInFile|Itanium.Build.0 = Debug|Any CPU
		{FF966C1F-D759-4126-B40F-041378ECDD5A}.Publish ReplaceInFile|x64.ActiveCfg = Debug|Any CPU
		{FF966C1F-D759-4126-B40F-041378ECDD5A}.Publish ReplaceInFile|x64.Build.0 = Debug|Any CPU
		{FF966C1F-D759-4126-B40F-041378ECDD5A}.Publish ReplaceInFile|x86.ActiveCfg = Debug|Any CPU
		{FF966C1F-D759-4126-B40F-041378ECDD5A}.Publish ReplaceInFile|x86.Build.0 = Debug|Any CPU
		{FF966C1F-D759-4126-B40F-041378ECDD5A}.Release|Any CPU.ActiveCfg = Release|Any CPU
		{FF966C1F-D759-4126-B40F-041378ECDD5A}.Release|Any CPU.Build.0 = Release|Any CPU
		{FF966C1F-D759-4126-B40F-041378ECDD5A}.Release|Itanium.ActiveCfg = Release|Any CPU
		{FF966C1F-D759-4126-B40F-041378ECDD5A}.Release|Itanium.Build.0 = Release|Any CPU
		{FF966C1F-D759-4126-B40F-041378ECDD5A}.Release|x64.ActiveCfg = Release|Any CPU
		{FF966C1F-D759-4126-B40F-041378ECDD5A}.Release|x64.Build.0 = Release|Any CPU
		{FF966C1F-D759-4126-B40F-041378ECDD5A}.Release|x86.ActiveCfg = Release|Any CPU
		{FF966C1F-D759-4126-B40F-041378ECDD5A}.Release|x86.Build.0 = Release|Any CPU
		{35007E9E-7DA1-4481-AB46-08ABF9F2D231}.Debug|Any CPU.ActiveCfg = Debug|Any CPU
		{35007E9E-7DA1-4481-AB46-08ABF9F2D231}.Debug|Any CPU.Build.0 = Debug|Any CPU
		{35007E9E-7DA1-4481-AB46-08ABF9F2D231}.Debug|Itanium.ActiveCfg = Debug|Any CPU
		{35007E9E-7DA1-4481-AB46-08ABF9F2D231}.Debug|Itanium.Build.0 = Debug|Any CPU
		{35007E9E-7DA1-4481-AB46-08ABF9F2D231}.Debug|x64.ActiveCfg = Debug|Any CPU
		{35007E9E-7DA1-4481-AB46-08ABF9F2D231}.Debug|x64.Build.0 = Debug|Any CPU
		{35007E9E-7DA1-4481-AB46-08ABF9F2D231}.Debug|x86.ActiveCfg = Debug|Any CPU
		{35007E9E-7DA1-4481-AB46-08ABF9F2D231}.Debug|x86.Build.0 = Debug|Any CPU
		{35007E9E-7DA1-4481-AB46-08ABF9F2D231}.Publish JSAppBuilder|Any CPU.ActiveCfg = Debug|Any CPU
		{35007E9E-7DA1-4481-AB46-08ABF9F2D231}.Publish JSAppBuilder|Any CPU.Build.0 = Debug|Any CPU
		{35007E9E-7DA1-4481-AB46-08ABF9F2D231}.Publish JSAppBuilder|Itanium.ActiveCfg = Debug|Any CPU
		{35007E9E-7DA1-4481-AB46-08ABF9F2D231}.Publish JSAppBuilder|Itanium.Build.0 = Debug|Any CPU
		{35007E9E-7DA1-4481-AB46-08ABF9F2D231}.Publish JSAppBuilder|x64.ActiveCfg = Debug|Any CPU
		{35007E9E-7DA1-4481-AB46-08ABF9F2D231}.Publish JSAppBuilder|x64.Build.0 = Debug|Any CPU
		{35007E9E-7DA1-4481-AB46-08ABF9F2D231}.Publish JSAppBuilder|x86.ActiveCfg = Debug|Any CPU
		{35007E9E-7DA1-4481-AB46-08ABF9F2D231}.Publish JSAppBuilder|x86.Build.0 = Debug|Any CPU
		{35007E9E-7DA1-4481-AB46-08ABF9F2D231}.Publish ReplaceInFile|Any CPU.ActiveCfg = Debug|Any CPU
		{35007E9E-7DA1-4481-AB46-08ABF9F2D231}.Publish ReplaceInFile|Any CPU.Build.0 = Debug|Any CPU
		{35007E9E-7DA1-4481-AB46-08ABF9F2D231}.Publish ReplaceInFile|Itanium.ActiveCfg = Debug|Any CPU
		{35007E9E-7DA1-4481-AB46-08ABF9F2D231}.Publish ReplaceInFile|Itanium.Build.0 = Debug|Any CPU
		{35007E9E-7DA1-4481-AB46-08ABF9F2D231}.Publish ReplaceInFile|x64.ActiveCfg = Debug|Any CPU
		{35007E9E-7DA1-4481-AB46-08ABF9F2D231}.Publish ReplaceInFile|x64.Build.0 = Debug|Any CPU
		{35007E9E-7DA1-4481-AB46-08ABF9F2D231}.Publish ReplaceInFile|x86.ActiveCfg = Debug|Any CPU
		{35007E9E-7DA1-4481-AB46-08ABF9F2D231}.Publish ReplaceInFile|x86.Build.0 = Debug|Any CPU
		{35007E9E-7DA1-4481-AB46-08ABF9F2D231}.Release|Any CPU.ActiveCfg = Release|Any CPU
		{35007E9E-7DA1-4481-AB46-08ABF9F2D231}.Release|Any CPU.Build.0 = Release|Any CPU
		{35007E9E-7DA1-4481-AB46-08ABF9F2D231}.Release|Itanium.ActiveCfg = Release|Any CPU
		{35007E9E-7DA1-4481-AB46-08ABF9F2D231}.Release|Itanium.Build.0 = Release|Any CPU
		{35007E9E-7DA1-4481-AB46-08ABF9F2D231}.Release|x64.ActiveCfg = Release|Any CPU
		{35007E9E-7DA1-4481-AB46-08ABF9F2D231}.Release|x64.Build.0 = Release|Any CPU
		{35007E9E-7DA1-4481-AB46-08ABF9F2D231}.Release|x86.ActiveCfg = Release|Any CPU
		{35007E9E-7DA1-4481-AB46-08ABF9F2D231}.Release|x86.Build.0 = Release|Any CPU
	EndGlobalSection
	GlobalSection(SolutionProperties) = preSolution
		HideSolutionNode = FALSE
	EndGlobalSection
	GlobalSection(ExtensibilityGlobals) = postSolution
		SolutionGuid = {02D12D4A-0321-4EA4-839F-CCD2ACE3FFFE}
	EndGlobalSection
EndGlobal
