
Microsoft Visual Studio Solution File, Format Version 12.00
# Visual Studio 15
VisualStudioVersion = 15.0.26403.7
MinimumVisualStudioVersion = 10.0.40219.1
Project("{FAE04EC0-301F-11D3-BF4B-00C04F79EFBC}") = "Fw.MSBuild", "src\Fw.MSBuild\Fw.MSBuild.csproj", "{FAD66725-A1F9-4395-89DC-EC2B9CB2CADE}"
EndProject
Project("{FAE04EC0-301F-11D3-BF4B-00C04F79EFBC}") = "Fw.MSBuild.Test", "src\Fw.MSBuild.Test\Fw.MSBuild.Test.csproj", "{830780CB-F889-459C-A772-A887A06D36D4}"
EndProject
Project("{FAE04EC0-301F-11D3-BF4B-00C04F79EFBC}") = "Fw.Json", "src\Fw.Json\Fw.Json.csproj", "{3BE1823F-3F08-4CA5-94BC-9C7EFD2FC64F}"
EndProject
Project("{2150E333-8FDC-42A3-9474-1A3956D46DE8}") = "Solution Items", "Solution Items", "{E5AA4F7D-AB29-466B-AAE7-0CD796BBBCCE}"
	ProjectSection(SolutionItems) = preProject
		.gitattributes = .gitattributes
		.gitignore = .gitignore
	EndProjectSection
EndProject
Project("{FAE04EC0-301F-11D3-BF4B-00C04F79EFBC}") = "JSAppBuilder", "src\JSAppBuilder\JSAppBuilder.csproj", "{326C0C27-EDBE-434E-B7DD-03CC6EB20811}"
EndProject
Project("{FAE04EC0-301F-11D3-BF4B-00C04F79EFBC}") = "ReplaceInFile", "src\ReplaceInFile\ReplaceInFile.csproj", "{2CE3AADF-E6C3-4992-9703-927EDFD1EA0B}"
EndProject
Global
	GlobalSection(SolutionConfigurationPlatforms) = preSolution
		Debug|Any CPU = Debug|Any CPU
		Debug|Itanium = Debug|Itanium
		Debug|x64 = Debug|x64
		Debug|x86 = Debug|x86
		Release JSAppBuilder|Any CPU = Release JSAppBuilder|Any CPU
		Release JSAppBuilder|Itanium = Release JSAppBuilder|Itanium
		Release JSAppBuilder|x64 = Release JSAppBuilder|x64
		Release JSAppBuilder|x86 = Release JSAppBuilder|x86
		Release ReplaceInFile|Any CPU = Release ReplaceInFile|Any CPU
		Release ReplaceInFile|Itanium = Release ReplaceInFile|Itanium
		Release ReplaceInFile|x64 = Release ReplaceInFile|x64
		Release ReplaceInFile|x86 = Release ReplaceInFile|x86
		Release|Any CPU = Release|Any CPU
		Release|Itanium = Release|Itanium
		Release|x64 = Release|x64
		Release|x86 = Release|x86
		Update Fw GateWorksWeb|Any CPU = Update Fw GateWorksWeb|Any CPU
		Update Fw GateWorksWeb|Itanium = Update Fw GateWorksWeb|Itanium
		Update Fw GateWorksWeb|x64 = Update Fw GateWorksWeb|x64
		Update Fw GateWorksWeb|x86 = Update Fw GateWorksWeb|x86
		Update Fw RentalWorksWeb_2015_001|Any CPU = Update Fw RentalWorksWeb_2015_001|Any CPU
		Update Fw RentalWorksWeb_2015_001|Itanium = Update Fw RentalWorksWeb_2015_001|Itanium
		Update Fw RentalWorksWeb_2015_001|x64 = Update Fw RentalWorksWeb_2015_001|x64
		Update Fw RentalWorksWeb_2015_001|x86 = Update Fw RentalWorksWeb_2015_001|x86
		Update Fw RentalWorksWeb|Any CPU = Update Fw RentalWorksWeb|Any CPU
		Update Fw RentalWorksWeb|Itanium = Update Fw RentalWorksWeb|Itanium
		Update Fw RentalWorksWeb|x64 = Update Fw RentalWorksWeb|x64
		Update Fw RentalWorksWeb|x86 = Update Fw RentalWorksWeb|x86
		Update Fw TransWorksWeb|Any CPU = Update Fw TransWorksWeb|Any CPU
		Update Fw TransWorksWeb|Itanium = Update Fw TransWorksWeb|Itanium
		Update Fw TransWorksWeb|x64 = Update Fw TransWorksWeb|x64
		Update Fw TransWorksWeb|x86 = Update Fw TransWorksWeb|x86
	EndGlobalSection
	GlobalSection(ProjectConfigurationPlatforms) = postSolution
		{FAD66725-A1F9-4395-89DC-EC2B9CB2CADE}.Debug|Any CPU.ActiveCfg = Debug|Any CPU
		{FAD66725-A1F9-4395-89DC-EC2B9CB2CADE}.Debug|Any CPU.Build.0 = Debug|Any CPU
		{FAD66725-A1F9-4395-89DC-EC2B9CB2CADE}.Debug|Itanium.ActiveCfg = Debug|Itanium
		{FAD66725-A1F9-4395-89DC-EC2B9CB2CADE}.Debug|Itanium.Build.0 = Debug|Itanium
		{FAD66725-A1F9-4395-89DC-EC2B9CB2CADE}.Debug|x64.ActiveCfg = Debug|x64
		{FAD66725-A1F9-4395-89DC-EC2B9CB2CADE}.Debug|x64.Build.0 = Debug|x64
		{FAD66725-A1F9-4395-89DC-EC2B9CB2CADE}.Debug|x86.ActiveCfg = Debug|x86
		{FAD66725-A1F9-4395-89DC-EC2B9CB2CADE}.Debug|x86.Build.0 = Debug|x86
		{FAD66725-A1F9-4395-89DC-EC2B9CB2CADE}.Release JSAppBuilder|Any CPU.ActiveCfg = Release|Any CPU
		{FAD66725-A1F9-4395-89DC-EC2B9CB2CADE}.Release JSAppBuilder|Any CPU.Build.0 = Release|Any CPU
		{FAD66725-A1F9-4395-89DC-EC2B9CB2CADE}.Release JSAppBuilder|Itanium.ActiveCfg = Release|Itanium
		{FAD66725-A1F9-4395-89DC-EC2B9CB2CADE}.Release JSAppBuilder|Itanium.Build.0 = Release|Itanium
		{FAD66725-A1F9-4395-89DC-EC2B9CB2CADE}.Release JSAppBuilder|x64.ActiveCfg = Release|x64
		{FAD66725-A1F9-4395-89DC-EC2B9CB2CADE}.Release JSAppBuilder|x64.Build.0 = Release|x64
		{FAD66725-A1F9-4395-89DC-EC2B9CB2CADE}.Release JSAppBuilder|x86.ActiveCfg = Release|x86
		{FAD66725-A1F9-4395-89DC-EC2B9CB2CADE}.Release JSAppBuilder|x86.Build.0 = Release|x86
		{FAD66725-A1F9-4395-89DC-EC2B9CB2CADE}.Release ReplaceInFile|Any CPU.ActiveCfg = Release|Any CPU
		{FAD66725-A1F9-4395-89DC-EC2B9CB2CADE}.Release ReplaceInFile|Itanium.ActiveCfg = Release|Itanium
		{FAD66725-A1F9-4395-89DC-EC2B9CB2CADE}.Release ReplaceInFile|Itanium.Build.0 = Release|Itanium
		{FAD66725-A1F9-4395-89DC-EC2B9CB2CADE}.Release ReplaceInFile|x64.ActiveCfg = Release|x64
		{FAD66725-A1F9-4395-89DC-EC2B9CB2CADE}.Release ReplaceInFile|x64.Build.0 = Release|x64
		{FAD66725-A1F9-4395-89DC-EC2B9CB2CADE}.Release ReplaceInFile|x86.ActiveCfg = Release|x86
		{FAD66725-A1F9-4395-89DC-EC2B9CB2CADE}.Release ReplaceInFile|x86.Build.0 = Release|x86
		{FAD66725-A1F9-4395-89DC-EC2B9CB2CADE}.Release|Any CPU.ActiveCfg = Release|Any CPU
		{FAD66725-A1F9-4395-89DC-EC2B9CB2CADE}.Release|Any CPU.Build.0 = Release|Any CPU
		{FAD66725-A1F9-4395-89DC-EC2B9CB2CADE}.Release|Itanium.ActiveCfg = Release|Itanium
		{FAD66725-A1F9-4395-89DC-EC2B9CB2CADE}.Release|Itanium.Build.0 = Release|Itanium
		{FAD66725-A1F9-4395-89DC-EC2B9CB2CADE}.Release|x64.ActiveCfg = Release|x64
		{FAD66725-A1F9-4395-89DC-EC2B9CB2CADE}.Release|x64.Build.0 = Release|x64
		{FAD66725-A1F9-4395-89DC-EC2B9CB2CADE}.Release|x86.ActiveCfg = Release|x86
		{FAD66725-A1F9-4395-89DC-EC2B9CB2CADE}.Release|x86.Build.0 = Release|x86
		{FAD66725-A1F9-4395-89DC-EC2B9CB2CADE}.Update Fw GateWorksWeb|Any CPU.ActiveCfg = Debug|Any CPU
		{FAD66725-A1F9-4395-89DC-EC2B9CB2CADE}.Update Fw GateWorksWeb|Itanium.ActiveCfg = UnitTest|Itanium
		{FAD66725-A1F9-4395-89DC-EC2B9CB2CADE}.Update Fw GateWorksWeb|Itanium.Build.0 = UnitTest|Itanium
		{FAD66725-A1F9-4395-89DC-EC2B9CB2CADE}.Update Fw GateWorksWeb|x64.ActiveCfg = UnitTest|x64
		{FAD66725-A1F9-4395-89DC-EC2B9CB2CADE}.Update Fw GateWorksWeb|x64.Build.0 = UnitTest|x64
		{FAD66725-A1F9-4395-89DC-EC2B9CB2CADE}.Update Fw GateWorksWeb|x86.ActiveCfg = UnitTest|x86
		{FAD66725-A1F9-4395-89DC-EC2B9CB2CADE}.Update Fw GateWorksWeb|x86.Build.0 = UnitTest|x86
		{FAD66725-A1F9-4395-89DC-EC2B9CB2CADE}.Update Fw RentalWorksWeb_2015_001|Any CPU.ActiveCfg = Debug|Any CPU
		{FAD66725-A1F9-4395-89DC-EC2B9CB2CADE}.Update Fw RentalWorksWeb_2015_001|Itanium.ActiveCfg = UnitTest|Itanium
		{FAD66725-A1F9-4395-89DC-EC2B9CB2CADE}.Update Fw RentalWorksWeb_2015_001|Itanium.Build.0 = UnitTest|Itanium
		{FAD66725-A1F9-4395-89DC-EC2B9CB2CADE}.Update Fw RentalWorksWeb_2015_001|x64.ActiveCfg = UnitTest|x64
		{FAD66725-A1F9-4395-89DC-EC2B9CB2CADE}.Update Fw RentalWorksWeb_2015_001|x64.Build.0 = UnitTest|x64
		{FAD66725-A1F9-4395-89DC-EC2B9CB2CADE}.Update Fw RentalWorksWeb_2015_001|x86.ActiveCfg = UnitTest|x86
		{FAD66725-A1F9-4395-89DC-EC2B9CB2CADE}.Update Fw RentalWorksWeb_2015_001|x86.Build.0 = UnitTest|x86
		{FAD66725-A1F9-4395-89DC-EC2B9CB2CADE}.Update Fw RentalWorksWeb|Any CPU.ActiveCfg = Debug|Any CPU
		{FAD66725-A1F9-4395-89DC-EC2B9CB2CADE}.Update Fw RentalWorksWeb|Itanium.ActiveCfg = UnitTest|Itanium
		{FAD66725-A1F9-4395-89DC-EC2B9CB2CADE}.Update Fw RentalWorksWeb|Itanium.Build.0 = UnitTest|Itanium
		{FAD66725-A1F9-4395-89DC-EC2B9CB2CADE}.Update Fw RentalWorksWeb|x64.ActiveCfg = UnitTest|x64
		{FAD66725-A1F9-4395-89DC-EC2B9CB2CADE}.Update Fw RentalWorksWeb|x64.Build.0 = UnitTest|x64
		{FAD66725-A1F9-4395-89DC-EC2B9CB2CADE}.Update Fw RentalWorksWeb|x86.ActiveCfg = UnitTest|x86
		{FAD66725-A1F9-4395-89DC-EC2B9CB2CADE}.Update Fw RentalWorksWeb|x86.Build.0 = UnitTest|x86
		{FAD66725-A1F9-4395-89DC-EC2B9CB2CADE}.Update Fw TransWorksWeb|Any CPU.ActiveCfg = Debug|Any CPU
		{FAD66725-A1F9-4395-89DC-EC2B9CB2CADE}.Update Fw TransWorksWeb|Itanium.ActiveCfg = UnitTest|Itanium
		{FAD66725-A1F9-4395-89DC-EC2B9CB2CADE}.Update Fw TransWorksWeb|Itanium.Build.0 = UnitTest|Itanium
		{FAD66725-A1F9-4395-89DC-EC2B9CB2CADE}.Update Fw TransWorksWeb|x64.ActiveCfg = UnitTest|x64
		{FAD66725-A1F9-4395-89DC-EC2B9CB2CADE}.Update Fw TransWorksWeb|x64.Build.0 = UnitTest|x64
		{FAD66725-A1F9-4395-89DC-EC2B9CB2CADE}.Update Fw TransWorksWeb|x86.ActiveCfg = UnitTest|x86
		{FAD66725-A1F9-4395-89DC-EC2B9CB2CADE}.Update Fw TransWorksWeb|x86.Build.0 = UnitTest|x86
		{830780CB-F889-459C-A772-A887A06D36D4}.Debug|Any CPU.ActiveCfg = Debug|Any CPU
		{830780CB-F889-459C-A772-A887A06D36D4}.Debug|Any CPU.Build.0 = Debug|Any CPU
		{830780CB-F889-459C-A772-A887A06D36D4}.Debug|Itanium.ActiveCfg = Debug|Any CPU
		{830780CB-F889-459C-A772-A887A06D36D4}.Debug|x64.ActiveCfg = Debug|Any CPU
		{830780CB-F889-459C-A772-A887A06D36D4}.Debug|x86.ActiveCfg = Debug|Any CPU
		{830780CB-F889-459C-A772-A887A06D36D4}.Release JSAppBuilder|Any CPU.ActiveCfg = Release|Any CPU
		{830780CB-F889-459C-A772-A887A06D36D4}.Release JSAppBuilder|Itanium.ActiveCfg = Release|Any CPU
		{830780CB-F889-459C-A772-A887A06D36D4}.Release JSAppBuilder|Itanium.Build.0 = Release|Any CPU
		{830780CB-F889-459C-A772-A887A06D36D4}.Release JSAppBuilder|x64.ActiveCfg = Release|Any CPU
		{830780CB-F889-459C-A772-A887A06D36D4}.Release JSAppBuilder|x64.Build.0 = Release|Any CPU
		{830780CB-F889-459C-A772-A887A06D36D4}.Release JSAppBuilder|x86.ActiveCfg = Release|Any CPU
		{830780CB-F889-459C-A772-A887A06D36D4}.Release JSAppBuilder|x86.Build.0 = Release|Any CPU
		{830780CB-F889-459C-A772-A887A06D36D4}.Release ReplaceInFile|Any CPU.ActiveCfg = Release|Any CPU
		{830780CB-F889-459C-A772-A887A06D36D4}.Release ReplaceInFile|Itanium.ActiveCfg = Release|Any CPU
		{830780CB-F889-459C-A772-A887A06D36D4}.Release ReplaceInFile|Itanium.Build.0 = Release|Any CPU
		{830780CB-F889-459C-A772-A887A06D36D4}.Release ReplaceInFile|x64.ActiveCfg = Release|Any CPU
		{830780CB-F889-459C-A772-A887A06D36D4}.Release ReplaceInFile|x64.Build.0 = Release|Any CPU
		{830780CB-F889-459C-A772-A887A06D36D4}.Release ReplaceInFile|x86.ActiveCfg = Release|Any CPU
		{830780CB-F889-459C-A772-A887A06D36D4}.Release ReplaceInFile|x86.Build.0 = Release|Any CPU
		{830780CB-F889-459C-A772-A887A06D36D4}.Release|Any CPU.ActiveCfg = Release|Any CPU
		{830780CB-F889-459C-A772-A887A06D36D4}.Release|Any CPU.Build.0 = Release|Any CPU
		{830780CB-F889-459C-A772-A887A06D36D4}.Release|Itanium.ActiveCfg = Release|Any CPU
		{830780CB-F889-459C-A772-A887A06D36D4}.Release|Itanium.Build.0 = Release|Any CPU
		{830780CB-F889-459C-A772-A887A06D36D4}.Release|x64.ActiveCfg = Release|Any CPU
		{830780CB-F889-459C-A772-A887A06D36D4}.Release|x64.Build.0 = Release|Any CPU
		{830780CB-F889-459C-A772-A887A06D36D4}.Release|x86.ActiveCfg = Release|Any CPU
		{830780CB-F889-459C-A772-A887A06D36D4}.Release|x86.Build.0 = Release|Any CPU
		{830780CB-F889-459C-A772-A887A06D36D4}.Update Fw GateWorksWeb|Any CPU.ActiveCfg = Debug|Any CPU
		{830780CB-F889-459C-A772-A887A06D36D4}.Update Fw GateWorksWeb|Itanium.ActiveCfg = Release|Any CPU
		{830780CB-F889-459C-A772-A887A06D36D4}.Update Fw GateWorksWeb|Itanium.Build.0 = Release|Any CPU
		{830780CB-F889-459C-A772-A887A06D36D4}.Update Fw GateWorksWeb|x64.ActiveCfg = Release|Any CPU
		{830780CB-F889-459C-A772-A887A06D36D4}.Update Fw GateWorksWeb|x64.Build.0 = Release|Any CPU
		{830780CB-F889-459C-A772-A887A06D36D4}.Update Fw GateWorksWeb|x86.ActiveCfg = Release|Any CPU
		{830780CB-F889-459C-A772-A887A06D36D4}.Update Fw GateWorksWeb|x86.Build.0 = Release|Any CPU
		{830780CB-F889-459C-A772-A887A06D36D4}.Update Fw RentalWorksWeb_2015_001|Any CPU.ActiveCfg = Debug|Any CPU
		{830780CB-F889-459C-A772-A887A06D36D4}.Update Fw RentalWorksWeb_2015_001|Itanium.ActiveCfg = Release|Any CPU
		{830780CB-F889-459C-A772-A887A06D36D4}.Update Fw RentalWorksWeb_2015_001|Itanium.Build.0 = Release|Any CPU
		{830780CB-F889-459C-A772-A887A06D36D4}.Update Fw RentalWorksWeb_2015_001|x64.ActiveCfg = Release|Any CPU
		{830780CB-F889-459C-A772-A887A06D36D4}.Update Fw RentalWorksWeb_2015_001|x64.Build.0 = Release|Any CPU
		{830780CB-F889-459C-A772-A887A06D36D4}.Update Fw RentalWorksWeb_2015_001|x86.ActiveCfg = Release|Any CPU
		{830780CB-F889-459C-A772-A887A06D36D4}.Update Fw RentalWorksWeb_2015_001|x86.Build.0 = Release|Any CPU
		{830780CB-F889-459C-A772-A887A06D36D4}.Update Fw RentalWorksWeb|Any CPU.ActiveCfg = Debug|Any CPU
		{830780CB-F889-459C-A772-A887A06D36D4}.Update Fw RentalWorksWeb|Itanium.ActiveCfg = Release|Any CPU
		{830780CB-F889-459C-A772-A887A06D36D4}.Update Fw RentalWorksWeb|Itanium.Build.0 = Release|Any CPU
		{830780CB-F889-459C-A772-A887A06D36D4}.Update Fw RentalWorksWeb|x64.ActiveCfg = Release|Any CPU
		{830780CB-F889-459C-A772-A887A06D36D4}.Update Fw RentalWorksWeb|x64.Build.0 = Release|Any CPU
		{830780CB-F889-459C-A772-A887A06D36D4}.Update Fw RentalWorksWeb|x86.ActiveCfg = Release|Any CPU
		{830780CB-F889-459C-A772-A887A06D36D4}.Update Fw RentalWorksWeb|x86.Build.0 = Release|Any CPU
		{830780CB-F889-459C-A772-A887A06D36D4}.Update Fw TransWorksWeb|Any CPU.ActiveCfg = Debug|Any CPU
		{830780CB-F889-459C-A772-A887A06D36D4}.Update Fw TransWorksWeb|Itanium.ActiveCfg = Release|Any CPU
		{830780CB-F889-459C-A772-A887A06D36D4}.Update Fw TransWorksWeb|Itanium.Build.0 = Release|Any CPU
		{830780CB-F889-459C-A772-A887A06D36D4}.Update Fw TransWorksWeb|x64.ActiveCfg = Release|Any CPU
		{830780CB-F889-459C-A772-A887A06D36D4}.Update Fw TransWorksWeb|x64.Build.0 = Release|Any CPU
		{830780CB-F889-459C-A772-A887A06D36D4}.Update Fw TransWorksWeb|x86.ActiveCfg = Release|Any CPU
		{830780CB-F889-459C-A772-A887A06D36D4}.Update Fw TransWorksWeb|x86.Build.0 = Release|Any CPU
		{3BE1823F-3F08-4CA5-94BC-9C7EFD2FC64F}.Debug|Any CPU.ActiveCfg = Debug|Any CPU
		{3BE1823F-3F08-4CA5-94BC-9C7EFD2FC64F}.Debug|Any CPU.Build.0 = Debug|Any CPU
		{3BE1823F-3F08-4CA5-94BC-9C7EFD2FC64F}.Debug|Itanium.ActiveCfg = Debug|Any CPU
		{3BE1823F-3F08-4CA5-94BC-9C7EFD2FC64F}.Debug|Itanium.Build.0 = Debug|Any CPU
		{3BE1823F-3F08-4CA5-94BC-9C7EFD2FC64F}.Debug|x64.ActiveCfg = Debug|Any CPU
		{3BE1823F-3F08-4CA5-94BC-9C7EFD2FC64F}.Debug|x64.Build.0 = Debug|Any CPU
		{3BE1823F-3F08-4CA5-94BC-9C7EFD2FC64F}.Debug|x86.ActiveCfg = Debug|Any CPU
		{3BE1823F-3F08-4CA5-94BC-9C7EFD2FC64F}.Debug|x86.Build.0 = Debug|Any CPU
		{3BE1823F-3F08-4CA5-94BC-9C7EFD2FC64F}.Release JSAppBuilder|Any CPU.ActiveCfg = Release|Any CPU
		{3BE1823F-3F08-4CA5-94BC-9C7EFD2FC64F}.Release JSAppBuilder|Itanium.ActiveCfg = Release|Any CPU
		{3BE1823F-3F08-4CA5-94BC-9C7EFD2FC64F}.Release JSAppBuilder|Itanium.Build.0 = Release|Any CPU
		{3BE1823F-3F08-4CA5-94BC-9C7EFD2FC64F}.Release JSAppBuilder|x64.ActiveCfg = Release|Any CPU
		{3BE1823F-3F08-4CA5-94BC-9C7EFD2FC64F}.Release JSAppBuilder|x64.Build.0 = Release|Any CPU
		{3BE1823F-3F08-4CA5-94BC-9C7EFD2FC64F}.Release JSAppBuilder|x86.ActiveCfg = Release|Any CPU
		{3BE1823F-3F08-4CA5-94BC-9C7EFD2FC64F}.Release JSAppBuilder|x86.Build.0 = Release|Any CPU
		{3BE1823F-3F08-4CA5-94BC-9C7EFD2FC64F}.Release ReplaceInFile|Any CPU.ActiveCfg = Release|Any CPU
		{3BE1823F-3F08-4CA5-94BC-9C7EFD2FC64F}.Release ReplaceInFile|Itanium.ActiveCfg = Release|Any CPU
		{3BE1823F-3F08-4CA5-94BC-9C7EFD2FC64F}.Release ReplaceInFile|Itanium.Build.0 = Release|Any CPU
		{3BE1823F-3F08-4CA5-94BC-9C7EFD2FC64F}.Release ReplaceInFile|x64.ActiveCfg = Release|Any CPU
		{3BE1823F-3F08-4CA5-94BC-9C7EFD2FC64F}.Release ReplaceInFile|x64.Build.0 = Release|Any CPU
		{3BE1823F-3F08-4CA5-94BC-9C7EFD2FC64F}.Release ReplaceInFile|x86.ActiveCfg = Release|Any CPU
		{3BE1823F-3F08-4CA5-94BC-9C7EFD2FC64F}.Release ReplaceInFile|x86.Build.0 = Release|Any CPU
		{3BE1823F-3F08-4CA5-94BC-9C7EFD2FC64F}.Release|Any CPU.ActiveCfg = Release|Any CPU
		{3BE1823F-3F08-4CA5-94BC-9C7EFD2FC64F}.Release|Any CPU.Build.0 = Release|Any CPU
		{3BE1823F-3F08-4CA5-94BC-9C7EFD2FC64F}.Release|Itanium.ActiveCfg = Release|Any CPU
		{3BE1823F-3F08-4CA5-94BC-9C7EFD2FC64F}.Release|Itanium.Build.0 = Release|Any CPU
		{3BE1823F-3F08-4CA5-94BC-9C7EFD2FC64F}.Release|x64.ActiveCfg = Release|Any CPU
		{3BE1823F-3F08-4CA5-94BC-9C7EFD2FC64F}.Release|x64.Build.0 = Release|Any CPU
		{3BE1823F-3F08-4CA5-94BC-9C7EFD2FC64F}.Release|x86.ActiveCfg = Release|Any CPU
		{3BE1823F-3F08-4CA5-94BC-9C7EFD2FC64F}.Release|x86.Build.0 = Release|Any CPU
		{3BE1823F-3F08-4CA5-94BC-9C7EFD2FC64F}.Update Fw GateWorksWeb|Any CPU.ActiveCfg = Debug|Any CPU
		{3BE1823F-3F08-4CA5-94BC-9C7EFD2FC64F}.Update Fw GateWorksWeb|Any CPU.Build.0 = Debug|Any CPU
		{3BE1823F-3F08-4CA5-94BC-9C7EFD2FC64F}.Update Fw GateWorksWeb|Itanium.ActiveCfg = Release|Any CPU
		{3BE1823F-3F08-4CA5-94BC-9C7EFD2FC64F}.Update Fw GateWorksWeb|Itanium.Build.0 = Release|Any CPU
		{3BE1823F-3F08-4CA5-94BC-9C7EFD2FC64F}.Update Fw GateWorksWeb|x64.ActiveCfg = Release|Any CPU
		{3BE1823F-3F08-4CA5-94BC-9C7EFD2FC64F}.Update Fw GateWorksWeb|x64.Build.0 = Release|Any CPU
		{3BE1823F-3F08-4CA5-94BC-9C7EFD2FC64F}.Update Fw GateWorksWeb|x86.ActiveCfg = Release|Any CPU
		{3BE1823F-3F08-4CA5-94BC-9C7EFD2FC64F}.Update Fw GateWorksWeb|x86.Build.0 = Release|Any CPU
		{3BE1823F-3F08-4CA5-94BC-9C7EFD2FC64F}.Update Fw RentalWorksWeb_2015_001|Any CPU.ActiveCfg = Debug|Any CPU
		{3BE1823F-3F08-4CA5-94BC-9C7EFD2FC64F}.Update Fw RentalWorksWeb_2015_001|Any CPU.Build.0 = Debug|Any CPU
		{3BE1823F-3F08-4CA5-94BC-9C7EFD2FC64F}.Update Fw RentalWorksWeb_2015_001|Itanium.ActiveCfg = Release|Any CPU
		{3BE1823F-3F08-4CA5-94BC-9C7EFD2FC64F}.Update Fw RentalWorksWeb_2015_001|Itanium.Build.0 = Release|Any CPU
		{3BE1823F-3F08-4CA5-94BC-9C7EFD2FC64F}.Update Fw RentalWorksWeb_2015_001|x64.ActiveCfg = Release|Any CPU
		{3BE1823F-3F08-4CA5-94BC-9C7EFD2FC64F}.Update Fw RentalWorksWeb_2015_001|x64.Build.0 = Release|Any CPU
		{3BE1823F-3F08-4CA5-94BC-9C7EFD2FC64F}.Update Fw RentalWorksWeb_2015_001|x86.ActiveCfg = Release|Any CPU
		{3BE1823F-3F08-4CA5-94BC-9C7EFD2FC64F}.Update Fw RentalWorksWeb_2015_001|x86.Build.0 = Release|Any CPU
		{3BE1823F-3F08-4CA5-94BC-9C7EFD2FC64F}.Update Fw RentalWorksWeb|Any CPU.ActiveCfg = Debug|Any CPU
		{3BE1823F-3F08-4CA5-94BC-9C7EFD2FC64F}.Update Fw RentalWorksWeb|Itanium.ActiveCfg = Release|Any CPU
		{3BE1823F-3F08-4CA5-94BC-9C7EFD2FC64F}.Update Fw RentalWorksWeb|Itanium.Build.0 = Release|Any CPU
		{3BE1823F-3F08-4CA5-94BC-9C7EFD2FC64F}.Update Fw RentalWorksWeb|x64.ActiveCfg = Release|Any CPU
		{3BE1823F-3F08-4CA5-94BC-9C7EFD2FC64F}.Update Fw RentalWorksWeb|x64.Build.0 = Release|Any CPU
		{3BE1823F-3F08-4CA5-94BC-9C7EFD2FC64F}.Update Fw RentalWorksWeb|x86.ActiveCfg = Release|Any CPU
		{3BE1823F-3F08-4CA5-94BC-9C7EFD2FC64F}.Update Fw RentalWorksWeb|x86.Build.0 = Release|Any CPU
		{3BE1823F-3F08-4CA5-94BC-9C7EFD2FC64F}.Update Fw TransWorksWeb|Any CPU.ActiveCfg = Debug|Any CPU
		{3BE1823F-3F08-4CA5-94BC-9C7EFD2FC64F}.Update Fw TransWorksWeb|Any CPU.Build.0 = Debug|Any CPU
		{3BE1823F-3F08-4CA5-94BC-9C7EFD2FC64F}.Update Fw TransWorksWeb|Itanium.ActiveCfg = Release|Any CPU
		{3BE1823F-3F08-4CA5-94BC-9C7EFD2FC64F}.Update Fw TransWorksWeb|Itanium.Build.0 = Release|Any CPU
		{3BE1823F-3F08-4CA5-94BC-9C7EFD2FC64F}.Update Fw TransWorksWeb|x64.ActiveCfg = Release|Any CPU
		{3BE1823F-3F08-4CA5-94BC-9C7EFD2FC64F}.Update Fw TransWorksWeb|x64.Build.0 = Release|Any CPU
		{3BE1823F-3F08-4CA5-94BC-9C7EFD2FC64F}.Update Fw TransWorksWeb|x86.ActiveCfg = Release|Any CPU
		{3BE1823F-3F08-4CA5-94BC-9C7EFD2FC64F}.Update Fw TransWorksWeb|x86.Build.0 = Release|Any CPU
		{326C0C27-EDBE-434E-B7DD-03CC6EB20811}.Debug|Any CPU.ActiveCfg = Debug|Any CPU
		{326C0C27-EDBE-434E-B7DD-03CC6EB20811}.Debug|Any CPU.Build.0 = Debug|Any CPU
		{326C0C27-EDBE-434E-B7DD-03CC6EB20811}.Debug|Itanium.ActiveCfg = Debug|Any CPU
		{326C0C27-EDBE-434E-B7DD-03CC6EB20811}.Debug|Itanium.Build.0 = Debug|Any CPU
		{326C0C27-EDBE-434E-B7DD-03CC6EB20811}.Debug|x64.ActiveCfg = Debug|Any CPU
		{326C0C27-EDBE-434E-B7DD-03CC6EB20811}.Debug|x64.Build.0 = Debug|Any CPU
		{326C0C27-EDBE-434E-B7DD-03CC6EB20811}.Debug|x86.ActiveCfg = Debug|Any CPU
		{326C0C27-EDBE-434E-B7DD-03CC6EB20811}.Debug|x86.Build.0 = Debug|Any CPU
		{326C0C27-EDBE-434E-B7DD-03CC6EB20811}.Release JSAppBuilder|Any CPU.ActiveCfg = Release|Any CPU
		{326C0C27-EDBE-434E-B7DD-03CC6EB20811}.Release JSAppBuilder|Any CPU.Build.0 = Release|Any CPU
		{326C0C27-EDBE-434E-B7DD-03CC6EB20811}.Release JSAppBuilder|Itanium.ActiveCfg = Release|Any CPU
		{326C0C27-EDBE-434E-B7DD-03CC6EB20811}.Release JSAppBuilder|Itanium.Build.0 = Release|Any CPU
		{326C0C27-EDBE-434E-B7DD-03CC6EB20811}.Release JSAppBuilder|x64.ActiveCfg = Release|Any CPU
		{326C0C27-EDBE-434E-B7DD-03CC6EB20811}.Release JSAppBuilder|x64.Build.0 = Release|Any CPU
		{326C0C27-EDBE-434E-B7DD-03CC6EB20811}.Release JSAppBuilder|x86.ActiveCfg = Release|Any CPU
		{326C0C27-EDBE-434E-B7DD-03CC6EB20811}.Release JSAppBuilder|x86.Build.0 = Release|Any CPU
		{326C0C27-EDBE-434E-B7DD-03CC6EB20811}.Release ReplaceInFile|Any CPU.ActiveCfg = Release|Any CPU
		{326C0C27-EDBE-434E-B7DD-03CC6EB20811}.Release ReplaceInFile|Itanium.ActiveCfg = Release|Any CPU
		{326C0C27-EDBE-434E-B7DD-03CC6EB20811}.Release ReplaceInFile|Itanium.Build.0 = Release|Any CPU
		{326C0C27-EDBE-434E-B7DD-03CC6EB20811}.Release ReplaceInFile|x64.ActiveCfg = Release|Any CPU
		{326C0C27-EDBE-434E-B7DD-03CC6EB20811}.Release ReplaceInFile|x64.Build.0 = Release|Any CPU
		{326C0C27-EDBE-434E-B7DD-03CC6EB20811}.Release ReplaceInFile|x86.ActiveCfg = Release|Any CPU
		{326C0C27-EDBE-434E-B7DD-03CC6EB20811}.Release ReplaceInFile|x86.Build.0 = Release|Any CPU
		{326C0C27-EDBE-434E-B7DD-03CC6EB20811}.Release|Any CPU.ActiveCfg = Release|Any CPU
		{326C0C27-EDBE-434E-B7DD-03CC6EB20811}.Release|Any CPU.Build.0 = Release|Any CPU
		{326C0C27-EDBE-434E-B7DD-03CC6EB20811}.Release|Itanium.ActiveCfg = Release|Any CPU
		{326C0C27-EDBE-434E-B7DD-03CC6EB20811}.Release|Itanium.Build.0 = Release|Any CPU
		{326C0C27-EDBE-434E-B7DD-03CC6EB20811}.Release|x64.ActiveCfg = Release|Any CPU
		{326C0C27-EDBE-434E-B7DD-03CC6EB20811}.Release|x64.Build.0 = Release|Any CPU
		{326C0C27-EDBE-434E-B7DD-03CC6EB20811}.Release|x86.ActiveCfg = Release|Any CPU
		{326C0C27-EDBE-434E-B7DD-03CC6EB20811}.Release|x86.Build.0 = Release|Any CPU
		{326C0C27-EDBE-434E-B7DD-03CC6EB20811}.Update Fw GateWorksWeb|Any CPU.ActiveCfg = Debug|Any CPU
		{326C0C27-EDBE-434E-B7DD-03CC6EB20811}.Update Fw GateWorksWeb|Itanium.ActiveCfg = Release|Any CPU
		{326C0C27-EDBE-434E-B7DD-03CC6EB20811}.Update Fw GateWorksWeb|Itanium.Build.0 = Release|Any CPU
		{326C0C27-EDBE-434E-B7DD-03CC6EB20811}.Update Fw GateWorksWeb|x64.ActiveCfg = Release|Any CPU
		{326C0C27-EDBE-434E-B7DD-03CC6EB20811}.Update Fw GateWorksWeb|x64.Build.0 = Release|Any CPU
		{326C0C27-EDBE-434E-B7DD-03CC6EB20811}.Update Fw GateWorksWeb|x86.ActiveCfg = Release|Any CPU
		{326C0C27-EDBE-434E-B7DD-03CC6EB20811}.Update Fw GateWorksWeb|x86.Build.0 = Release|Any CPU
		{326C0C27-EDBE-434E-B7DD-03CC6EB20811}.Update Fw RentalWorksWeb_2015_001|Any CPU.ActiveCfg = Debug|Any CPU
		{326C0C27-EDBE-434E-B7DD-03CC6EB20811}.Update Fw RentalWorksWeb_2015_001|Itanium.ActiveCfg = Release|Any CPU
		{326C0C27-EDBE-434E-B7DD-03CC6EB20811}.Update Fw RentalWorksWeb_2015_001|Itanium.Build.0 = Release|Any CPU
		{326C0C27-EDBE-434E-B7DD-03CC6EB20811}.Update Fw RentalWorksWeb_2015_001|x64.ActiveCfg = Release|Any CPU
		{326C0C27-EDBE-434E-B7DD-03CC6EB20811}.Update Fw RentalWorksWeb_2015_001|x64.Build.0 = Release|Any CPU
		{326C0C27-EDBE-434E-B7DD-03CC6EB20811}.Update Fw RentalWorksWeb_2015_001|x86.ActiveCfg = Release|Any CPU
		{326C0C27-EDBE-434E-B7DD-03CC6EB20811}.Update Fw RentalWorksWeb_2015_001|x86.Build.0 = Release|Any CPU
		{326C0C27-EDBE-434E-B7DD-03CC6EB20811}.Update Fw RentalWorksWeb|Any CPU.ActiveCfg = Debug|Any CPU
		{326C0C27-EDBE-434E-B7DD-03CC6EB20811}.Update Fw RentalWorksWeb|Itanium.ActiveCfg = Release|Any CPU
		{326C0C27-EDBE-434E-B7DD-03CC6EB20811}.Update Fw RentalWorksWeb|Itanium.Build.0 = Release|Any CPU
		{326C0C27-EDBE-434E-B7DD-03CC6EB20811}.Update Fw RentalWorksWeb|x64.ActiveCfg = Release|Any CPU
		{326C0C27-EDBE-434E-B7DD-03CC6EB20811}.Update Fw RentalWorksWeb|x64.Build.0 = Release|Any CPU
		{326C0C27-EDBE-434E-B7DD-03CC6EB20811}.Update Fw RentalWorksWeb|x86.ActiveCfg = Release|Any CPU
		{326C0C27-EDBE-434E-B7DD-03CC6EB20811}.Update Fw RentalWorksWeb|x86.Build.0 = Release|Any CPU
		{326C0C27-EDBE-434E-B7DD-03CC6EB20811}.Update Fw TransWorksWeb|Any CPU.ActiveCfg = Debug|Any CPU
		{326C0C27-EDBE-434E-B7DD-03CC6EB20811}.Update Fw TransWorksWeb|Itanium.ActiveCfg = Release|Any CPU
		{326C0C27-EDBE-434E-B7DD-03CC6EB20811}.Update Fw TransWorksWeb|Itanium.Build.0 = Release|Any CPU
		{326C0C27-EDBE-434E-B7DD-03CC6EB20811}.Update Fw TransWorksWeb|x64.ActiveCfg = Release|Any CPU
		{326C0C27-EDBE-434E-B7DD-03CC6EB20811}.Update Fw TransWorksWeb|x64.Build.0 = Release|Any CPU
		{326C0C27-EDBE-434E-B7DD-03CC6EB20811}.Update Fw TransWorksWeb|x86.ActiveCfg = Release|Any CPU
		{326C0C27-EDBE-434E-B7DD-03CC6EB20811}.Update Fw TransWorksWeb|x86.Build.0 = Release|Any CPU
		{2CE3AADF-E6C3-4992-9703-927EDFD1EA0B}.Debug|Any CPU.ActiveCfg = Debug|Any CPU
		{2CE3AADF-E6C3-4992-9703-927EDFD1EA0B}.Debug|Any CPU.Build.0 = Debug|Any CPU
		{2CE3AADF-E6C3-4992-9703-927EDFD1EA0B}.Debug|Itanium.ActiveCfg = Debug|Any CPU
		{2CE3AADF-E6C3-4992-9703-927EDFD1EA0B}.Debug|Itanium.Build.0 = Debug|Any CPU
		{2CE3AADF-E6C3-4992-9703-927EDFD1EA0B}.Debug|x64.ActiveCfg = Debug|Any CPU
		{2CE3AADF-E6C3-4992-9703-927EDFD1EA0B}.Debug|x64.Build.0 = Debug|Any CPU
		{2CE3AADF-E6C3-4992-9703-927EDFD1EA0B}.Debug|x86.ActiveCfg = Debug|Any CPU
		{2CE3AADF-E6C3-4992-9703-927EDFD1EA0B}.Debug|x86.Build.0 = Debug|Any CPU
		{2CE3AADF-E6C3-4992-9703-927EDFD1EA0B}.Release JSAppBuilder|Any CPU.ActiveCfg = Release|Any CPU
		{2CE3AADF-E6C3-4992-9703-927EDFD1EA0B}.Release JSAppBuilder|Itanium.ActiveCfg = Release|Any CPU
		{2CE3AADF-E6C3-4992-9703-927EDFD1EA0B}.Release JSAppBuilder|Itanium.Build.0 = Release|Any CPU
		{2CE3AADF-E6C3-4992-9703-927EDFD1EA0B}.Release JSAppBuilder|x64.ActiveCfg = Release|Any CPU
		{2CE3AADF-E6C3-4992-9703-927EDFD1EA0B}.Release JSAppBuilder|x64.Build.0 = Release|Any CPU
		{2CE3AADF-E6C3-4992-9703-927EDFD1EA0B}.Release JSAppBuilder|x86.ActiveCfg = Release|Any CPU
		{2CE3AADF-E6C3-4992-9703-927EDFD1EA0B}.Release JSAppBuilder|x86.Build.0 = Release|Any CPU
		{2CE3AADF-E6C3-4992-9703-927EDFD1EA0B}.Release ReplaceInFile|Any CPU.ActiveCfg = Release|Any CPU
		{2CE3AADF-E6C3-4992-9703-927EDFD1EA0B}.Release ReplaceInFile|Any CPU.Build.0 = Release|Any CPU
		{2CE3AADF-E6C3-4992-9703-927EDFD1EA0B}.Release ReplaceInFile|Itanium.ActiveCfg = Release|Any CPU
		{2CE3AADF-E6C3-4992-9703-927EDFD1EA0B}.Release ReplaceInFile|Itanium.Build.0 = Release|Any CPU
		{2CE3AADF-E6C3-4992-9703-927EDFD1EA0B}.Release ReplaceInFile|x64.ActiveCfg = Release|Any CPU
		{2CE3AADF-E6C3-4992-9703-927EDFD1EA0B}.Release ReplaceInFile|x64.Build.0 = Release|Any CPU
		{2CE3AADF-E6C3-4992-9703-927EDFD1EA0B}.Release ReplaceInFile|x86.ActiveCfg = Release|Any CPU
		{2CE3AADF-E6C3-4992-9703-927EDFD1EA0B}.Release ReplaceInFile|x86.Build.0 = Release|Any CPU
		{2CE3AADF-E6C3-4992-9703-927EDFD1EA0B}.Release|Any CPU.ActiveCfg = Release|Any CPU
		{2CE3AADF-E6C3-4992-9703-927EDFD1EA0B}.Release|Any CPU.Build.0 = Release|Any CPU
		{2CE3AADF-E6C3-4992-9703-927EDFD1EA0B}.Release|Itanium.ActiveCfg = Release|Any CPU
		{2CE3AADF-E6C3-4992-9703-927EDFD1EA0B}.Release|Itanium.Build.0 = Release|Any CPU
		{2CE3AADF-E6C3-4992-9703-927EDFD1EA0B}.Release|x64.ActiveCfg = Release|Any CPU
		{2CE3AADF-E6C3-4992-9703-927EDFD1EA0B}.Release|x64.Build.0 = Release|Any CPU
		{2CE3AADF-E6C3-4992-9703-927EDFD1EA0B}.Release|x86.ActiveCfg = Release|Any CPU
		{2CE3AADF-E6C3-4992-9703-927EDFD1EA0B}.Release|x86.Build.0 = Release|Any CPU
		{2CE3AADF-E6C3-4992-9703-927EDFD1EA0B}.Update Fw GateWorksWeb|Any CPU.ActiveCfg = Debug|Any CPU
		{2CE3AADF-E6C3-4992-9703-927EDFD1EA0B}.Update Fw GateWorksWeb|Itanium.ActiveCfg = Release|Any CPU
		{2CE3AADF-E6C3-4992-9703-927EDFD1EA0B}.Update Fw GateWorksWeb|Itanium.Build.0 = Release|Any CPU
		{2CE3AADF-E6C3-4992-9703-927EDFD1EA0B}.Update Fw GateWorksWeb|x64.ActiveCfg = Release|Any CPU
		{2CE3AADF-E6C3-4992-9703-927EDFD1EA0B}.Update Fw GateWorksWeb|x64.Build.0 = Release|Any CPU
		{2CE3AADF-E6C3-4992-9703-927EDFD1EA0B}.Update Fw GateWorksWeb|x86.ActiveCfg = Release|Any CPU
		{2CE3AADF-E6C3-4992-9703-927EDFD1EA0B}.Update Fw GateWorksWeb|x86.Build.0 = Release|Any CPU
		{2CE3AADF-E6C3-4992-9703-927EDFD1EA0B}.Update Fw RentalWorksWeb_2015_001|Any CPU.ActiveCfg = Debug|Any CPU
		{2CE3AADF-E6C3-4992-9703-927EDFD1EA0B}.Update Fw RentalWorksWeb_2015_001|Itanium.ActiveCfg = Release|Any CPU
		{2CE3AADF-E6C3-4992-9703-927EDFD1EA0B}.Update Fw RentalWorksWeb_2015_001|Itanium.Build.0 = Release|Any CPU
		{2CE3AADF-E6C3-4992-9703-927EDFD1EA0B}.Update Fw RentalWorksWeb_2015_001|x64.ActiveCfg = Release|Any CPU
		{2CE3AADF-E6C3-4992-9703-927EDFD1EA0B}.Update Fw RentalWorksWeb_2015_001|x64.Build.0 = Release|Any CPU
		{2CE3AADF-E6C3-4992-9703-927EDFD1EA0B}.Update Fw RentalWorksWeb_2015_001|x86.ActiveCfg = Release|Any CPU
		{2CE3AADF-E6C3-4992-9703-927EDFD1EA0B}.Update Fw RentalWorksWeb_2015_001|x86.Build.0 = Release|Any CPU
		{2CE3AADF-E6C3-4992-9703-927EDFD1EA0B}.Update Fw RentalWorksWeb|Any CPU.ActiveCfg = Debug|Any CPU
		{2CE3AADF-E6C3-4992-9703-927EDFD1EA0B}.Update Fw RentalWorksWeb|Itanium.ActiveCfg = Release|Any CPU
		{2CE3AADF-E6C3-4992-9703-927EDFD1EA0B}.Update Fw RentalWorksWeb|Itanium.Build.0 = Release|Any CPU
		{2CE3AADF-E6C3-4992-9703-927EDFD1EA0B}.Update Fw RentalWorksWeb|x64.ActiveCfg = Release|Any CPU
		{2CE3AADF-E6C3-4992-9703-927EDFD1EA0B}.Update Fw RentalWorksWeb|x64.Build.0 = Release|Any CPU
		{2CE3AADF-E6C3-4992-9703-927EDFD1EA0B}.Update Fw RentalWorksWeb|x86.ActiveCfg = Release|Any CPU
		{2CE3AADF-E6C3-4992-9703-927EDFD1EA0B}.Update Fw RentalWorksWeb|x86.Build.0 = Release|Any CPU
		{2CE3AADF-E6C3-4992-9703-927EDFD1EA0B}.Update Fw TransWorksWeb|Any CPU.ActiveCfg = Debug|Any CPU
		{2CE3AADF-E6C3-4992-9703-927EDFD1EA0B}.Update Fw TransWorksWeb|Itanium.ActiveCfg = Release|Any CPU
		{2CE3AADF-E6C3-4992-9703-927EDFD1EA0B}.Update Fw TransWorksWeb|Itanium.Build.0 = Release|Any CPU
		{2CE3AADF-E6C3-4992-9703-927EDFD1EA0B}.Update Fw TransWorksWeb|x64.ActiveCfg = Release|Any CPU
		{2CE3AADF-E6C3-4992-9703-927EDFD1EA0B}.Update Fw TransWorksWeb|x64.Build.0 = Release|Any CPU
		{2CE3AADF-E6C3-4992-9703-927EDFD1EA0B}.Update Fw TransWorksWeb|x86.ActiveCfg = Release|Any CPU
		{2CE3AADF-E6C3-4992-9703-927EDFD1EA0B}.Update Fw TransWorksWeb|x86.Build.0 = Release|Any CPU
	EndGlobalSection
	GlobalSection(SolutionProperties) = preSolution
		HideSolutionNode = FALSE
	EndGlobalSection
EndGlobal
