
Microsoft Visual Studio Solution File, Format Version 12.00
# Visual Studio 14
VisualStudioVersion = 14.0.25420.1
MinimumVisualStudioVersion = 10.0.40219.1
Project("{FAE04EC0-301F-11D3-BF4B-00C04F79EFBC}") = "RentalWorksWeb", "RentalWorksWeb\RentalWorksWeb.csproj", "{5FFA9EA3-4357-44D0-BD80-B6842529F0E1}"
EndProject
Project("{FAE04EC0-301F-11D3-BF4B-00C04F79EFBC}") = "RentalWorksWebLibrary", "RentalWorksWebLibrary\RentalWorksWebLibrary.csproj", "{DBB14BA6-3CCC-466D-82FB-30E20D8AF680}"
EndProject
Project("{FAE04EC0-301F-11D3-BF4B-00C04F79EFBC}") = "Fw.Json", "..\..\lib.net\dbworks\Fw.Json\Fw.Json.csproj", "{3BE1823F-3F08-4CA5-94BC-9C7EFD2FC64F}"
EndProject
Project("{FAE04EC0-301F-11D3-BF4B-00C04F79EFBC}") = "RentalWorksAPI", "RentalWorksAPI\RentalWorksAPI.csproj", "{81982370-068F-4922-9F56-8807515D2291}"
EndProject
Project("{FAE04EC0-301F-11D3-BF4B-00C04F79EFBC}") = "RentalWorksQuikScan", "RentalWorksQuikScan\RentalWorksQuikScan.csproj", "{7576C47B-B75E-4491-AF97-5FCFEF52484E}"
EndProject
Project("{2150E333-8FDC-42A3-9474-1A3956D46DE8}") = "Solution Items", "Solution Items", "{362116D5-D26E-4EFA-9683-8C7F2F2E22C6}"
	ProjectSection(SolutionItems) = preProject
		.gitattributes = .gitattributes
		.gitignore = .gitignore
		RentalWorks API v1.postman_collection.json = RentalWorks API v1.postman_collection.json
	EndProjectSection
EndProject
Global
	GlobalSection(SolutionConfigurationPlatforms) = preSolution
		Debug API|Any CPU = Debug API|Any CPU
		Debug MiddleTier|Any CPU = Debug MiddleTier|Any CPU
		Debug QuikScan Fast|Any CPU = Debug QuikScan Fast|Any CPU
		Debug Web Fast|Any CPU = Debug Web Fast|Any CPU
		Debug|Any CPU = Debug|Any CPU
		Release API|Any CPU = Release API|Any CPU
		Release MiddleTier|Any CPU = Release MiddleTier|Any CPU
		Release QuikScan Fast|Any CPU = Release QuikScan Fast|Any CPU
		Release Web Fast|Any CPU = Release Web Fast|Any CPU
		Release|Any CPU = Release|Any CPU
	EndGlobalSection
	GlobalSection(ProjectConfigurationPlatforms) = postSolution
		{5FFA9EA3-4357-44D0-BD80-B6842529F0E1}.Debug API|Any CPU.ActiveCfg = Debug|Any CPU
		{5FFA9EA3-4357-44D0-BD80-B6842529F0E1}.Debug MiddleTier|Any CPU.ActiveCfg = Debug|Any CPU
		{5FFA9EA3-4357-44D0-BD80-B6842529F0E1}.Debug QuikScan Fast|Any CPU.ActiveCfg = Debug|Any CPU
		{5FFA9EA3-4357-44D0-BD80-B6842529F0E1}.Debug Web Fast|Any CPU.ActiveCfg = Debug Web Fast|Any CPU
		{5FFA9EA3-4357-44D0-BD80-B6842529F0E1}.Debug Web Fast|Any CPU.Build.0 = Debug Web Fast|Any CPU
		{5FFA9EA3-4357-44D0-BD80-B6842529F0E1}.Debug|Any CPU.ActiveCfg = Debug|Any CPU
		{5FFA9EA3-4357-44D0-BD80-B6842529F0E1}.Debug|Any CPU.Build.0 = Debug|Any CPU
		{5FFA9EA3-4357-44D0-BD80-B6842529F0E1}.Release API|Any CPU.ActiveCfg = Release|Any CPU
		{5FFA9EA3-4357-44D0-BD80-B6842529F0E1}.Release MiddleTier|Any CPU.ActiveCfg = Release Web Fast|Any CPU
		{5FFA9EA3-4357-44D0-BD80-B6842529F0E1}.Release QuikScan Fast|Any CPU.ActiveCfg = Release|Any CPU
		{5FFA9EA3-4357-44D0-BD80-B6842529F0E1}.Release Web Fast|Any CPU.ActiveCfg = Release Web Fast|Any CPU
		{5FFA9EA3-4357-44D0-BD80-B6842529F0E1}.Release Web Fast|Any CPU.Build.0 = Release Web Fast|Any CPU
		{5FFA9EA3-4357-44D0-BD80-B6842529F0E1}.Release|Any CPU.ActiveCfg = Release|Any CPU
		{5FFA9EA3-4357-44D0-BD80-B6842529F0E1}.Release|Any CPU.Build.0 = Release|Any CPU
		{DBB14BA6-3CCC-466D-82FB-30E20D8AF680}.Debug API|Any CPU.ActiveCfg = Debug|Any CPU
		{DBB14BA6-3CCC-466D-82FB-30E20D8AF680}.Debug API|Any CPU.Build.0 = Debug|Any CPU
		{DBB14BA6-3CCC-466D-82FB-30E20D8AF680}.Debug MiddleTier|Any CPU.ActiveCfg = Debug|Any CPU
		{DBB14BA6-3CCC-466D-82FB-30E20D8AF680}.Debug QuikScan Fast|Any CPU.ActiveCfg = Debug|Any CPU
		{DBB14BA6-3CCC-466D-82FB-30E20D8AF680}.Debug Web Fast|Any CPU.ActiveCfg = Debug|Any CPU
		{DBB14BA6-3CCC-466D-82FB-30E20D8AF680}.Debug Web Fast|Any CPU.Build.0 = Debug|Any CPU
		{DBB14BA6-3CCC-466D-82FB-30E20D8AF680}.Debug|Any CPU.ActiveCfg = Debug|Any CPU
		{DBB14BA6-3CCC-466D-82FB-30E20D8AF680}.Debug|Any CPU.Build.0 = Debug|Any CPU
		{DBB14BA6-3CCC-466D-82FB-30E20D8AF680}.Release API|Any CPU.ActiveCfg = Release|Any CPU
		{DBB14BA6-3CCC-466D-82FB-30E20D8AF680}.Release API|Any CPU.Build.0 = Release|Any CPU
		{DBB14BA6-3CCC-466D-82FB-30E20D8AF680}.Release MiddleTier|Any CPU.ActiveCfg = Release|Any CPU
		{DBB14BA6-3CCC-466D-82FB-30E20D8AF680}.Release MiddleTier|Any CPU.Build.0 = Release|Any CPU
		{DBB14BA6-3CCC-466D-82FB-30E20D8AF680}.Release QuikScan Fast|Any CPU.ActiveCfg = Release|Any CPU
		{DBB14BA6-3CCC-466D-82FB-30E20D8AF680}.Release QuikScan Fast|Any CPU.Build.0 = Release|Any CPU
		{DBB14BA6-3CCC-466D-82FB-30E20D8AF680}.Release Web Fast|Any CPU.ActiveCfg = Release|Any CPU
		{DBB14BA6-3CCC-466D-82FB-30E20D8AF680}.Release Web Fast|Any CPU.Build.0 = Release|Any CPU
		{DBB14BA6-3CCC-466D-82FB-30E20D8AF680}.Release|Any CPU.ActiveCfg = Release|Any CPU
		{DBB14BA6-3CCC-466D-82FB-30E20D8AF680}.Release|Any CPU.Build.0 = Release|Any CPU
		{3BE1823F-3F08-4CA5-94BC-9C7EFD2FC64F}.Debug API|Any CPU.ActiveCfg = Debug|Any CPU
		{3BE1823F-3F08-4CA5-94BC-9C7EFD2FC64F}.Debug API|Any CPU.Build.0 = Debug|Any CPU
		{3BE1823F-3F08-4CA5-94BC-9C7EFD2FC64F}.Debug MiddleTier|Any CPU.ActiveCfg = Debug|Any CPU
		{3BE1823F-3F08-4CA5-94BC-9C7EFD2FC64F}.Debug MiddleTier|Any CPU.Build.0 = Debug|Any CPU
		{3BE1823F-3F08-4CA5-94BC-9C7EFD2FC64F}.Debug QuikScan Fast|Any CPU.ActiveCfg = Debug|Any CPU
		{3BE1823F-3F08-4CA5-94BC-9C7EFD2FC64F}.Debug QuikScan Fast|Any CPU.Build.0 = Debug|Any CPU
		{3BE1823F-3F08-4CA5-94BC-9C7EFD2FC64F}.Debug Web Fast|Any CPU.ActiveCfg = Debug|Any CPU
		{3BE1823F-3F08-4CA5-94BC-9C7EFD2FC64F}.Debug Web Fast|Any CPU.Build.0 = Debug|Any CPU
		{3BE1823F-3F08-4CA5-94BC-9C7EFD2FC64F}.Debug|Any CPU.ActiveCfg = Debug|Any CPU
		{3BE1823F-3F08-4CA5-94BC-9C7EFD2FC64F}.Debug|Any CPU.Build.0 = Debug|Any CPU
		{3BE1823F-3F08-4CA5-94BC-9C7EFD2FC64F}.Release API|Any CPU.ActiveCfg = Release|Any CPU
		{3BE1823F-3F08-4CA5-94BC-9C7EFD2FC64F}.Release API|Any CPU.Build.0 = Release|Any CPU
		{3BE1823F-3F08-4CA5-94BC-9C7EFD2FC64F}.Release MiddleTier|Any CPU.ActiveCfg = Release|Any CPU
		{3BE1823F-3F08-4CA5-94BC-9C7EFD2FC64F}.Release MiddleTier|Any CPU.Build.0 = Release|Any CPU
		{3BE1823F-3F08-4CA5-94BC-9C7EFD2FC64F}.Release QuikScan Fast|Any CPU.ActiveCfg = Release|Any CPU
		{3BE1823F-3F08-4CA5-94BC-9C7EFD2FC64F}.Release QuikScan Fast|Any CPU.Build.0 = Release|Any CPU
		{3BE1823F-3F08-4CA5-94BC-9C7EFD2FC64F}.Release Web Fast|Any CPU.ActiveCfg = Release|Any CPU
		{3BE1823F-3F08-4CA5-94BC-9C7EFD2FC64F}.Release Web Fast|Any CPU.Build.0 = Release|Any CPU
		{3BE1823F-3F08-4CA5-94BC-9C7EFD2FC64F}.Release|Any CPU.ActiveCfg = Release|Any CPU
		{3BE1823F-3F08-4CA5-94BC-9C7EFD2FC64F}.Release|Any CPU.Build.0 = Release|Any CPU
		{81982370-068F-4922-9F56-8807515D2291}.Debug API|Any CPU.ActiveCfg = Debug|Any CPU
		{81982370-068F-4922-9F56-8807515D2291}.Debug API|Any CPU.Build.0 = Debug|Any CPU
		{81982370-068F-4922-9F56-8807515D2291}.Debug MiddleTier|Any CPU.ActiveCfg = Debug|Any CPU
		{81982370-068F-4922-9F56-8807515D2291}.Debug QuikScan Fast|Any CPU.ActiveCfg = Debug|Any CPU
		{81982370-068F-4922-9F56-8807515D2291}.Debug Web Fast|Any CPU.ActiveCfg = Debug|Any CPU
		{81982370-068F-4922-9F56-8807515D2291}.Debug|Any CPU.ActiveCfg = Debug|Any CPU
		{81982370-068F-4922-9F56-8807515D2291}.Debug|Any CPU.Build.0 = Debug|Any CPU
		{81982370-068F-4922-9F56-8807515D2291}.Release API|Any CPU.ActiveCfg = Release|Any CPU
		{81982370-068F-4922-9F56-8807515D2291}.Release API|Any CPU.Build.0 = Release|Any CPU
		{81982370-068F-4922-9F56-8807515D2291}.Release MiddleTier|Any CPU.ActiveCfg = Release|Any CPU
		{81982370-068F-4922-9F56-8807515D2291}.Release QuikScan Fast|Any CPU.ActiveCfg = Release|Any CPU
		{81982370-068F-4922-9F56-8807515D2291}.Release Web Fast|Any CPU.ActiveCfg = Release|Any CPU
		{81982370-068F-4922-9F56-8807515D2291}.Release|Any CPU.ActiveCfg = Release|Any CPU
		{81982370-068F-4922-9F56-8807515D2291}.Release|Any CPU.Build.0 = Release|Any CPU
		{7576C47B-B75E-4491-AF97-5FCFEF52484E}.Debug API|Any CPU.ActiveCfg = Debug|Any CPU
		{7576C47B-B75E-4491-AF97-5FCFEF52484E}.Debug MiddleTier|Any CPU.ActiveCfg = Debug|Any CPU
		{7576C47B-B75E-4491-AF97-5FCFEF52484E}.Debug QuikScan Fast|Any CPU.ActiveCfg = Debug QuikScan Fast|Any CPU
		{7576C47B-B75E-4491-AF97-5FCFEF52484E}.Debug QuikScan Fast|Any CPU.Build.0 = Debug QuikScan Fast|Any CPU
		{7576C47B-B75E-4491-AF97-5FCFEF52484E}.Debug Web Fast|Any CPU.ActiveCfg = Debug|Any CPU
		{7576C47B-B75E-4491-AF97-5FCFEF52484E}.Debug|Any CPU.ActiveCfg = Debug|Any CPU
		{7576C47B-B75E-4491-AF97-5FCFEF52484E}.Debug|Any CPU.Build.0 = Debug|Any CPU
		{7576C47B-B75E-4491-AF97-5FCFEF52484E}.Release API|Any CPU.ActiveCfg = Release|Any CPU
		{7576C47B-B75E-4491-AF97-5FCFEF52484E}.Release MiddleTier|Any CPU.ActiveCfg = Release QuikScan Fast|Any CPU
		{7576C47B-B75E-4491-AF97-5FCFEF52484E}.Release QuikScan Fast|Any CPU.ActiveCfg = Release QuikScan Fast|Any CPU
		{7576C47B-B75E-4491-AF97-5FCFEF52484E}.Release QuikScan Fast|Any CPU.Build.0 = Release QuikScan Fast|Any CPU
		{7576C47B-B75E-4491-AF97-5FCFEF52484E}.Release Web Fast|Any CPU.ActiveCfg = Release|Any CPU
		{7576C47B-B75E-4491-AF97-5FCFEF52484E}.Release|Any CPU.ActiveCfg = Release|Any CPU
		{7576C47B-B75E-4491-AF97-5FCFEF52484E}.Release|Any CPU.Build.0 = Release|Any CPU
	EndGlobalSection
	GlobalSection(SolutionProperties) = preSolution
		HideSolutionNode = FALSE
	EndGlobalSection
EndGlobal
