
Microsoft Visual Studio Solution File, Format Version 12.00
# Visual Studio 14
VisualStudioVersion = 14.0.25420.1
MinimumVisualStudioVersion = 10.0.40219.1
Project("{FAE04EC0-301F-11D3-BF4B-00C04F79EFBC}") = "Fw.Json", "..\..\..\lib.net\dbworks\Fw.Json\Fw.Json.csproj", "{3BE1823F-3F08-4CA5-94BC-9C7EFD2FC64F}"
EndProject
Project("{FAE04EC0-301F-11D3-BF4B-00C04F79EFBC}") = "RentalWorksQuikScanLibrary", "..\RentalWorks.Json\RentalWorksQuikScanLibrary.csproj", "{97542765-AD01-4E7E-81A5-154098647DC5}"
EndProject
Project("{FAE04EC0-301F-11D3-BF4B-00C04F79EFBC}") = "RentalWorksQuikScan", "RentalWorksQuikScan.csproj", "{7576C47B-B75E-4491-AF97-5FCFEF52484E}"
EndProject
Global
	GlobalSection(SolutionConfigurationPlatforms) = preSolution
		Debug|Any CPU = Debug|Any CPU
		DebugFast|Any CPU = DebugFast|Any CPU
		Release|Any CPU = Release|Any CPU
		ReleaseFast|Any CPU = ReleaseFast|Any CPU
	EndGlobalSection
	GlobalSection(ProjectConfigurationPlatforms) = postSolution
		{3BE1823F-3F08-4CA5-94BC-9C7EFD2FC64F}.Debug|Any CPU.ActiveCfg = Debug|Any CPU
		{3BE1823F-3F08-4CA5-94BC-9C7EFD2FC64F}.Debug|Any CPU.Build.0 = Debug|Any CPU
		{3BE1823F-3F08-4CA5-94BC-9C7EFD2FC64F}.DebugFast|Any CPU.ActiveCfg = Debug|Any CPU
		{3BE1823F-3F08-4CA5-94BC-9C7EFD2FC64F}.DebugFast|Any CPU.Build.0 = Debug|Any CPU
		{3BE1823F-3F08-4CA5-94BC-9C7EFD2FC64F}.Release|Any CPU.ActiveCfg = Release|Any CPU
		{3BE1823F-3F08-4CA5-94BC-9C7EFD2FC64F}.Release|Any CPU.Build.0 = Release|Any CPU
		{3BE1823F-3F08-4CA5-94BC-9C7EFD2FC64F}.ReleaseFast|Any CPU.ActiveCfg = Release|Any CPU
		{3BE1823F-3F08-4CA5-94BC-9C7EFD2FC64F}.ReleaseFast|Any CPU.Build.0 = Release|Any CPU
		{97542765-AD01-4E7E-81A5-154098647DC5}.Debug|Any CPU.ActiveCfg = Debug|Any CPU
		{97542765-AD01-4E7E-81A5-154098647DC5}.Debug|Any CPU.Build.0 = Debug|Any CPU
		{97542765-AD01-4E7E-81A5-154098647DC5}.DebugFast|Any CPU.ActiveCfg = Debug|Any CPU
		{97542765-AD01-4E7E-81A5-154098647DC5}.DebugFast|Any CPU.Build.0 = Debug|Any CPU
		{97542765-AD01-4E7E-81A5-154098647DC5}.Release|Any CPU.ActiveCfg = Release|Any CPU
		{97542765-AD01-4E7E-81A5-154098647DC5}.Release|Any CPU.Build.0 = Release|Any CPU
		{97542765-AD01-4E7E-81A5-154098647DC5}.ReleaseFast|Any CPU.ActiveCfg = Release|Any CPU
		{97542765-AD01-4E7E-81A5-154098647DC5}.ReleaseFast|Any CPU.Build.0 = Release|Any CPU
		{7576C47B-B75E-4491-AF97-5FCFEF52484E}.Debug|Any CPU.ActiveCfg = Debug|Any CPU
		{7576C47B-B75E-4491-AF97-5FCFEF52484E}.Debug|Any CPU.Build.0 = Debug|Any CPU
		{7576C47B-B75E-4491-AF97-5FCFEF52484E}.DebugFast|Any CPU.ActiveCfg = Debug QuikScan Fast|Any CPU
		{7576C47B-B75E-4491-AF97-5FCFEF52484E}.DebugFast|Any CPU.Build.0 = Debug QuikScan Fast|Any CPU
		{7576C47B-B75E-4491-AF97-5FCFEF52484E}.Release|Any CPU.ActiveCfg = Release|Any CPU
		{7576C47B-B75E-4491-AF97-5FCFEF52484E}.Release|Any CPU.Build.0 = Release|Any CPU
		{7576C47B-B75E-4491-AF97-5FCFEF52484E}.ReleaseFast|Any CPU.ActiveCfg = Release QuikScan Fast|Any CPU
		{7576C47B-B75E-4491-AF97-5FCFEF52484E}.ReleaseFast|Any CPU.Build.0 = Release QuikScan Fast|Any CPU
	EndGlobalSection
	GlobalSection(SolutionProperties) = preSolution
		HideSolutionNode = FALSE
	EndGlobalSection
EndGlobal
