{
  "name": "rentalworksquikscan",
  "version": "1.0.0",
  "lockfileVersion": 1,
  "requires": true,
  "dependencies": {
    "@types/jquery": {
      "version": "3.3.29",
      "resolved": "https://registry.npmjs.org/@types/jquery/-/jquery-3.3.29.tgz",
      "integrity": "sha512-FhJvBninYD36v3k6c+bVk1DSZwh7B5Dpb/Pyk3HKVsiohn0nhbefZZ+3JXbWQhFyt0MxSl2jRDdGQPHeOHFXrQ==",
      "dev": true,
      "requires": {
        "@types/sizzle": "*"
      }
    },
    "@types/mustache": {
      "version": "0.8.30",
      "resolved": "https://registry.npmjs.org/@types/mustache/-/mustache-0.8.30.tgz",
      "integrity": "sha512-z80ZxL9CwGlyyuZ7fz3RBtsxzSasf8R8LeSQYF5xrdFVlkV4fsdJ51U1F1lSFAL+Xwk9Jxe7aueeeBedAi52Eg==",
      "dev": true
    },
    "@types/node": {
      "version": "10.5.3",
      "resolved": "https://registry.npmjs.org/@types/node/-/node-10.5.3.tgz",
      "integrity": "sha512-jQ1p+SyF/z8ygPxfSPKZKMWazlCgTBSyIaC1UCUvkLHDdxdmPQtQFk02X4WFM31Z1BKMAS3MSAK0cRP2c92n6Q==",
      "dev": true
    },
    "@types/sizzle": {
      "version": "2.3.2",
      "resolved": "https://registry.npmjs.org/@types/sizzle/-/sizzle-2.3.2.tgz",
      "integrity": "sha512-7EJYyKTL7tFR8+gDbB6Wwz/arpGa0Mywk1TJbNzKzHtzbwVmY4HR9WqS5VV7dsBUKQmPNr192jHr/VpBluj/hg==",
      "dev": true
    },
    "child-process-promise": {
      "version": "2.2.1",
      "resolved": "https://registry.npmjs.org/child-process-promise/-/child-process-promise-2.2.1.tgz",
      "integrity": "sha1-RzChHvYQ+tRQuPIjx50x172tgHQ=",
      "dev": true,
      "requires": {
        "cross-spawn": "^4.0.2",
        "node-version": "^1.0.0",
        "promise-polyfill": "^6.0.1"
      }
    },
    "cross-spawn": {
      "version": "4.0.2",
      "resolved": "https://registry.npmjs.org/cross-spawn/-/cross-spawn-4.0.2.tgz",
      "integrity": "sha1-e5JHYhwjrf3ThWAEqCPL45dCTUE=",
      "dev": true,
      "requires": {
        "lru-cache": "^4.0.1",
        "which": "^1.2.9"
      }
    },
    "isexe": {
      "version": "2.0.0",
      "resolved": "https://registry.npmjs.org/isexe/-/isexe-2.0.0.tgz",
      "integrity": "sha1-6PvzdNxVb/iUehDcsFctYz8s+hA=",
      "dev": true
    },
    "jquery": {
      "version": "3.5.1",
      "resolved": "https://registry.npmjs.org/jquery/-/jquery-3.5.1.tgz",
      "integrity": "sha512-XwIBPqcMn57FxfT+Go5pzySnm4KWkT1Tv7gjrpT1srtf8Weynl6R273VJ5GjkRb51IzMp5nbaPjJXMWeju2MKg=="
    },
    "lru-cache": {
      "version": "4.1.5",
      "resolved": "https://registry.npmjs.org/lru-cache/-/lru-cache-4.1.5.tgz",
      "integrity": "sha512-sWZlbEP2OsHNkXrMl5GYk/jKk70MBng6UU4YI/qGDYbgf6YbP4EvmqISbXCoJiRKs+1bSpFHVgQxvJ17F2li5g==",
      "dev": true,
      "requires": {
        "pseudomap": "^1.0.2",
        "yallist": "^2.1.2"
      }
    },
    "node-version": {
      "version": "1.2.0",
      "resolved": "https://registry.npmjs.org/node-version/-/node-version-1.2.0.tgz",
      "integrity": "sha512-ma6oU4Sk0qOoKEAymVoTvk8EdXEobdS7m/mAGhDJ8Rouugho48crHBORAmy5BoOcv8wraPM6xumapQp5hl4iIQ==",
      "dev": true
    },
    "promise-polyfill": {
      "version": "6.1.0",
      "resolved": "https://registry.npmjs.org/promise-polyfill/-/promise-polyfill-6.1.0.tgz",
      "integrity": "sha1-36lpQ+qcEh/KTem1hoyznTRy4Fc=",
      "dev": true
    },
    "pseudomap": {
      "version": "1.0.2",
      "resolved": "https://registry.npmjs.org/pseudomap/-/pseudomap-1.0.2.tgz",
      "integrity": "sha1-8FKijacOYYkX7wqKw0wa5aaChrM=",
      "dev": true
    },
    "typescript": {
      "version": "3.9.5",
      "resolved": "https://registry.npmjs.org/typescript/-/typescript-3.9.5.tgz",
      "integrity": "sha512-hSAifV3k+i6lEoCJ2k6R2Z/rp/H3+8sdmcn5NrS3/3kE7+RyZXm9aqvxWqjEXHAd8b0pShatpcdMTvEdvAJltQ==",
      "dev": true
    },
    "which": {
      "version": "1.3.1",
      "resolved": "https://registry.npmjs.org/which/-/which-1.3.1.tgz",
      "integrity": "sha512-HxJdYWq1MTIQbJ3nw0cqssHoTNU267KlrDuGZ1WYlxDStUtKUhOaJmh112/TZmHxxUfuJqPXSOm7tDyas0OSIQ==",
      "dev": true,
      "requires": {
        "isexe": "^2.0.0"
      }
    },
    "yallist": {
      "version": "2.1.2",
      "resolved": "https://registry.npmjs.org/yallist/-/yallist-2.1.2.tgz",
      "integrity": "sha1-HBH5IY8HYImkfdUS+TxmmaaoHVI=",
      "dev": true
    }
  }
}
