{
  "name": "rentalworksquikscan",
  "version": "1.0.0",
  "lockfileVersion": 1,
  "requires": true,
  "dependencies": {
    "@types/jquery": {
      "version": "3.3.6",
      "resolved": "https://registry.npmjs.org/@types/jquery/-/jquery-3.3.6.tgz",
      "integrity": "sha1-WTLq2SYwfKIeWzaAglf3ySawZWU="
    },
    "@types/mustache": {
      "version": "0.8.31",
      "resolved": "https://registry.npmjs.org/@types/mustache/-/mustache-0.8.31.tgz",
      "integrity": "sha1-fIbL9093M/njvcKIF2I5J+s4ZhY="
    }
  }
}
